// !$*UTF8*$!
{
	archiveVersion = 1;
	classes = {
	};
	objectVersion = 56;
	objects = {

/* Begin PBXBuildFile section */
		4041E4FC2ACB59640043950F /* FeelingBoxView.swift in Sources */ = {isa = PBXBuildFile; fileRef = 4041E4FB2ACB59640043950F /* FeelingBoxView.swift */; };
		40842A352AD62AD000BB1243 /* HapticsConfig.swift in Sources */ = {isa = PBXBuildFile; fileRef = 40842A342AD62AD000BB1243 /* HapticsConfig.swift */; };
		40842A372AD70FD900BB1243 /* Localizable.xcstrings in Resources */ = {isa = PBXBuildFile; fileRef = 40842A362AD70FD900BB1243 /* Localizable.xcstrings */; };
		40CA777D2AC345B400DF3FAD /* HeaderView.swift in Sources */ = {isa = PBXBuildFile; fileRef = 40CA777C2AC345B400DF3FAD /* HeaderView.swift */; };
		40CA777F2AC3486900DF3FAD /* StatisticBoxView.swift in Sources */ = {isa = PBXBuildFile; fileRef = 40CA777E2AC3486900DF3FAD /* StatisticBoxView.swift */; };
		40CA77872AC3534D00DF3FAD /* Label.swift in Sources */ = {isa = PBXBuildFile; fileRef = 40CA77862AC3534D00DF3FAD /* Label.swift */; };
		40CA778A2AC36FD100DF3FAD /* Stack.swift in Sources */ = {isa = PBXBuildFile; fileRef = 40CA77892AC36FD100DF3FAD /* Stack.swift */; };
		40D918792ACF3C48001C0673 /* PrimaryTableViewCell.swift in Sources */ = {isa = PBXBuildFile; fileRef = 40D918782ACF3C48001C0673 /* PrimaryTableViewCell.swift */; };
		40D9187B2ACF3C60001C0673 /* SecondaryTableViewCell.swift in Sources */ = {isa = PBXBuildFile; fileRef = 40D9187A2ACF3C60001C0673 /* SecondaryTableViewCell.swift */; };
		980613592AC5FB4700B62D22 /* Image.swift in Sources */ = {isa = PBXBuildFile; fileRef = 980613582AC5FB4700B62D22 /* Image.swift */; };
		983D045B2AC499CF00674517 /* Button.swift in Sources */ = {isa = PBXBuildFile; fileRef = 983D045A2AC499CF00674517 /* Button.swift */; };
		983D045D2AC49C2100674517 /* Stack.swift in Sources */ = {isa = PBXBuildFile; fileRef = 983D045C2AC49C2100674517 /* Stack.swift */; };
		983D04672AC4B35000674517 /* FeelingViewer.swift in Sources */ = {isa = PBXBuildFile; fileRef = 983D04662AC4B35000674517 /* FeelingViewer.swift */; };
		98482AAD2ACF332900C1314D /* ActiveTask.swift in Sources */ = {isa = PBXBuildFile; fileRef = 98482AAC2ACF332900C1314D /* ActiveTask.swift */; };
		98482AB12ACF5CFB00C1314D /* Observable.swift in Sources */ = {isa = PBXBuildFile; fileRef = 98482AB02ACF5CFB00C1314D /* Observable.swift */; };
		984AEF822ABCCC14003A838D /* DataModel.xcdatamodeld in Sources */ = {isa = PBXBuildFile; fileRef = 984AEF802ABCCC14003A838D /* DataModel.xcdatamodeld */; };
		984AEF852ABCD750003A838D /* DataController.swift in Sources */ = {isa = PBXBuildFile; fileRef = 984AEF842ABCD750003A838D /* DataController.swift */; };
		984AEF882ABCE3E9003A838D /* AppMainCoordinator.swift in Sources */ = {isa = PBXBuildFile; fileRef = 984AEF872ABCE3E9003A838D /* AppMainCoordinator.swift */; };
		984AEF8B2ABDE611003A838D /* MVVMCView.swift in Sources */ = {isa = PBXBuildFile; fileRef = 984AEF8A2ABDE611003A838D /* MVVMCView.swift */; };
		984AEF8D2ABDE63D003A838D /* ModelView.swift in Sources */ = {isa = PBXBuildFile; fileRef = 984AEF8C2ABDE63D003A838D /* ModelView.swift */; };
		984AEF902ABDEBD9003A838D /* Task.swift in Sources */ = {isa = PBXBuildFile; fileRef = 984AEF8F2ABDEBD9003A838D /* Task.swift */; };
		98BFF8472ACB18A600F6D62E /* UIFont.swift in Sources */ = {isa = PBXBuildFile; fileRef = 98BFF8462ACB18A600F6D62E /* UIFont.swift */; };
		98CB16902ACCA49D008C4B93 /* Nunito.zip in Resources */ = {isa = PBXBuildFile; fileRef = 98CB168F2ACCA49D008C4B93 /* Nunito.zip */; };
		98CB16A72ACCA4CF008C4B93 /* Nunito-VariableFont_wght.ttf in Resources */ = {isa = PBXBuildFile; fileRef = 98CB16922ACCA4CF008C4B93 /* Nunito-VariableFont_wght.ttf */; };
		98CB16A82ACCA4CF008C4B93 /* Nunito-Medium.ttf in Resources */ = {isa = PBXBuildFile; fileRef = 98CB16942ACCA4CF008C4B93 /* Nunito-Medium.ttf */; };
		98CB16A92ACCA4CF008C4B93 /* Nunito-ExtraBoldItalic.ttf in Resources */ = {isa = PBXBuildFile; fileRef = 98CB16952ACCA4CF008C4B93 /* Nunito-ExtraBoldItalic.ttf */; };
		98CB16AA2ACCA4CF008C4B93 /* Nunito-ExtraBold.ttf in Resources */ = {isa = PBXBuildFile; fileRef = 98CB16962ACCA4CF008C4B93 /* Nunito-ExtraBold.ttf */; };
		98CB16AB2ACCA4CF008C4B93 /* Nunito-ExtraLightItalic.ttf in Resources */ = {isa = PBXBuildFile; fileRef = 98CB16972ACCA4CF008C4B93 /* Nunito-ExtraLightItalic.ttf */; };
		98CB16AC2ACCA4CF008C4B93 /* Nunito-Light.ttf in Resources */ = {isa = PBXBuildFile; fileRef = 98CB16982ACCA4CF008C4B93 /* Nunito-Light.ttf */; };
		98CB16AD2ACCA4CF008C4B93 /* Nunito-Regular.ttf in Resources */ = {isa = PBXBuildFile; fileRef = 98CB16992ACCA4CF008C4B93 /* Nunito-Regular.ttf */; };
		98CB16AE2ACCA4CF008C4B93 /* Nunito-SemiBold.ttf in Resources */ = {isa = PBXBuildFile; fileRef = 98CB169A2ACCA4CF008C4B93 /* Nunito-SemiBold.ttf */; };
		98CB16AF2ACCA4CF008C4B93 /* Nunito-Bold.ttf in Resources */ = {isa = PBXBuildFile; fileRef = 98CB169B2ACCA4CF008C4B93 /* Nunito-Bold.ttf */; };
		98CB16B02ACCA4CF008C4B93 /* Nunito-BoldItalic.ttf in Resources */ = {isa = PBXBuildFile; fileRef = 98CB169C2ACCA4CF008C4B93 /* Nunito-BoldItalic.ttf */; };
		98CB16B12ACCA4CF008C4B93 /* Nunito-Black.ttf in Resources */ = {isa = PBXBuildFile; fileRef = 98CB169D2ACCA4CF008C4B93 /* Nunito-Black.ttf */; };
		98CB16B22ACCA4CF008C4B93 /* Nunito-ExtraLight.ttf in Resources */ = {isa = PBXBuildFile; fileRef = 98CB169E2ACCA4CF008C4B93 /* Nunito-ExtraLight.ttf */; };
		98CB16B32ACCA4CF008C4B93 /* Nunito-SemiBoldItalic.ttf in Resources */ = {isa = PBXBuildFile; fileRef = 98CB169F2ACCA4CF008C4B93 /* Nunito-SemiBoldItalic.ttf */; };
		98CB16B42ACCA4CF008C4B93 /* Nunito-BlackItalic.ttf in Resources */ = {isa = PBXBuildFile; fileRef = 98CB16A02ACCA4CF008C4B93 /* Nunito-BlackItalic.ttf */; };
		98CB16B52ACCA4CF008C4B93 /* Nunito-Italic.ttf in Resources */ = {isa = PBXBuildFile; fileRef = 98CB16A12ACCA4CF008C4B93 /* Nunito-Italic.ttf */; };
		98CB16B62ACCA4CF008C4B93 /* Nunito-LightItalic.ttf in Resources */ = {isa = PBXBuildFile; fileRef = 98CB16A22ACCA4CF008C4B93 /* Nunito-LightItalic.ttf */; };
		98CB16B72ACCA4CF008C4B93 /* Nunito-MediumItalic.ttf in Resources */ = {isa = PBXBuildFile; fileRef = 98CB16A32ACCA4CF008C4B93 /* Nunito-MediumItalic.ttf */; };
		98CB16B82ACCA4CF008C4B93 /* OFL.txt in Resources */ = {isa = PBXBuildFile; fileRef = 98CB16A42ACCA4CF008C4B93 /* OFL.txt */; };
		98CB16B92ACCA4CF008C4B93 /* Nunito-Italic-VariableFont_wght.ttf in Resources */ = {isa = PBXBuildFile; fileRef = 98CB16A52ACCA4CF008C4B93 /* Nunito-Italic-VariableFont_wght.ttf */; };
		98CB16BA2ACCA4CF008C4B93 /* README.txt in Resources */ = {isa = PBXBuildFile; fileRef = 98CB16A62ACCA4CF008C4B93 /* README.txt */; };
		98D215452AD06AF000524ADC /* DatePicker.swift in Sources */ = {isa = PBXBuildFile; fileRef = 98D215442AD06AF000524ADC /* DatePicker.swift */; };
		98D2154B2AD244A700524ADC /* Journal.swift in Sources */ = {isa = PBXBuildFile; fileRef = 98D2154A2AD244A700524ADC /* Journal.swift */; };
		98D2154D2AD245DA00524ADC /* Feeling.swift in Sources */ = {isa = PBXBuildFile; fileRef = 98D2154C2AD245DA00524ADC /* Feeling.swift */; };
		98F17B442AC2133300003DF3 /* Coordinator.swift in Sources */ = {isa = PBXBuildFile; fileRef = 98F17B432AC2133300003DF3 /* Coordinator.swift */; };
		98F17B482AC2146B00003DF3 /* JournalMainCoordinator.swift in Sources */ = {isa = PBXBuildFile; fileRef = 98F17B472AC2146B00003DF3 /* JournalMainCoordinator.swift */; };
		98F17B4C2AC214AD00003DF3 /* JournalViewModel.swift in Sources */ = {isa = PBXBuildFile; fileRef = 98F17B4B2AC214AD00003DF3 /* JournalViewModel.swift */; };
		98F17B532AC2199500003DF3 /* StatisticsViewModel.swift in Sources */ = {isa = PBXBuildFile; fileRef = 98F17B522AC2199500003DF3 /* StatisticsViewModel.swift */; };
		98F17B552AC219BC00003DF3 /* StatisticMainCoordinator.swift in Sources */ = {isa = PBXBuildFile; fileRef = 98F17B542AC219BC00003DF3 /* StatisticMainCoordinator.swift */; };
		98F17B5A2AC323C700003DF3 /* User.swift in Sources */ = {isa = PBXBuildFile; fileRef = 98F17B592AC323C700003DF3 /* User.swift */; };
		98F17B5D2AC32B1100003DF3 /* Seeder.swift in Sources */ = {isa = PBXBuildFile; fileRef = 98F17B5C2AC32B1100003DF3 /* Seeder.swift */; };
		98F17B5F2AC337F900003DF3 /* DifficultySeeder.swift in Sources */ = {isa = PBXBuildFile; fileRef = 98F17B5E2AC337F900003DF3 /* DifficultySeeder.swift */; };
		98F17B612AC343F300003DF3 /* SeederManager.swift in Sources */ = {isa = PBXBuildFile; fileRef = 98F17B602AC343F300003DF3 /* SeederManager.swift */; };
		98F17B632AC3542C00003DF3 /* DiscomfortSeeder.swift in Sources */ = {isa = PBXBuildFile; fileRef = 98F17B622AC3542C00003DF3 /* DiscomfortSeeder.swift */; };
		98F17B652AC356E700003DF3 /* FeelingSeeder.swift in Sources */ = {isa = PBXBuildFile; fileRef = 98F17B642AC356E700003DF3 /* FeelingSeeder.swift */; };
		98F17B672AC3589C00003DF3 /* TaskSeeder.swift in Sources */ = {isa = PBXBuildFile; fileRef = 98F17B662AC3589C00003DF3 /* TaskSeeder.swift */; };
		98F17B692AC35B1500003DF3 /* DifficultyLevel.swift in Sources */ = {isa = PBXBuildFile; fileRef = 98F17B682AC35B1500003DF3 /* DifficultyLevel.swift */; };
		AF13E2EA2AD0CEE800F2B82A /* TitleDateButton.swift in Sources */ = {isa = PBXBuildFile; fileRef = AF13E2E92AD0CEE800F2B82A /* TitleDateButton.swift */; };
		AF13E2EC2AD0D0F800F2B82A /* ButtonBack.swift in Sources */ = {isa = PBXBuildFile; fileRef = AF13E2EB2AD0D0F800F2B82A /* ButtonBack.swift */; };
		AF13E2EE2AD0E65300F2B82A /* ButtonModalFeelings.swift in Sources */ = {isa = PBXBuildFile; fileRef = AF13E2ED2AD0E65300F2B82A /* ButtonModalFeelings.swift */; };
		AF13E2F02AD18D2D00F2B82A /* ButtonSave.swift in Sources */ = {isa = PBXBuildFile; fileRef = AF13E2EF2AD18D2D00F2B82A /* ButtonSave.swift */; };
		AF5775CD2AD4766100E7714F /* NewCustomTaskViewViewModel.swift in Sources */ = {isa = PBXBuildFile; fileRef = AF5775CC2AD4766100E7714F /* NewCustomTaskViewViewModel.swift */; };
		AF6B2C7A2ACDE94D004663E2 /* NewJournalMainCoordinator.swift in Sources */ = {isa = PBXBuildFile; fileRef = AF608CC72AC74A4200FD34CF /* NewJournalMainCoordinator.swift */; };
		AF6B2C7B2ACDE96C004663E2 /* NewJournalViewModel.swift in Sources */ = {isa = PBXBuildFile; fileRef = AF608CC52AC74A4200FD34CF /* NewJournalViewModel.swift */; };
		AF6B2C7C2ACDE974004663E2 /* NewJournalViewController.swift in Sources */ = {isa = PBXBuildFile; fileRef = AF608CCC2AC74A4200FD34CF /* NewJournalViewController.swift */; };
		AF6B2C7D2ACDE9A0004663E2 /* PlaceholderTextView.swift in Sources */ = {isa = PBXBuildFile; fileRef = AF608CC92AC74A4200FD34CF /* PlaceholderTextView.swift */; };
		AF6B2C7E2ACDE9AA004663E2 /* ModalFeeling.swift in Sources */ = {isa = PBXBuildFile; fileRef = AF608CCA2AC74A4200FD34CF /* ModalFeeling.swift */; };
		AFBD60A32AD616520003BEA9 /* TextViewDescription.swift in Sources */ = {isa = PBXBuildFile; fileRef = AFBD60A22AD616520003BEA9 /* TextViewDescription.swift */; };
		AFE5B7002AD446490074D66B /* NewCustomTaskViewController.swift in Sources */ = {isa = PBXBuildFile; fileRef = AFE5B6FF2AD446490074D66B /* NewCustomTaskViewController.swift */; };
		AFE5B7022AD469CF0074D66B /* NewCustomCoordinator.swift in Sources */ = {isa = PBXBuildFile; fileRef = AFE5B7012AD469CF0074D66B /* NewCustomCoordinator.swift */; };
		AFF7A4692ACCEAB900B27949 /* TitleNewJournal.swift in Sources */ = {isa = PBXBuildFile; fileRef = AFF7A4682ACCEAB900B27949 /* TitleNewJournal.swift */; };
		E07273712ACDF0FD00866078 /* DateToString.swift in Sources */ = {isa = PBXBuildFile; fileRef = E07273702ACDF0FD00866078 /* DateToString.swift */; };
		E07273902ACDF17B00866078 /* HomeMainCoordinator.swift in Sources */ = {isa = PBXBuildFile; fileRef = E072737E2ACDF17B00866078 /* HomeMainCoordinator.swift */; };
		E07273912ACDF17B00866078 /* CustomCell.swift in Sources */ = {isa = PBXBuildFile; fileRef = E07273802ACDF17B00866078 /* CustomCell.swift */; };
		E07273922ACDF17B00866078 /* HomeViewCollectionDelegate.swift in Sources */ = {isa = PBXBuildFile; fileRef = E07273812ACDF17B00866078 /* HomeViewCollectionDelegate.swift */; };
		E07273932ACDF17B00866078 /* CollectionSectionEnum.swift in Sources */ = {isa = PBXBuildFile; fileRef = E07273822ACDF17B00866078 /* CollectionSectionEnum.swift */; };
		E07273942ACDF17B00866078 /* DateDelegateProtocol.swift in Sources */ = {isa = PBXBuildFile; fileRef = E07273832ACDF17B00866078 /* DateDelegateProtocol.swift */; };
		E07273952ACDF17B00866078 /* CreateNewTaskViewModel.swift in Sources */ = {isa = PBXBuildFile; fileRef = E07273862ACDF17B00866078 /* CreateNewTaskViewModel.swift */; };
		E07273962ACDF17B00866078 /* CreateNewTaskCoordinator.swift in Sources */ = {isa = PBXBuildFile; fileRef = E07273882ACDF17B00866078 /* CreateNewTaskCoordinator.swift */; };
		E07273972ACDF17B00866078 /* CreateNewTaskViewController.swift in Sources */ = {isa = PBXBuildFile; fileRef = E072738A2ACDF17B00866078 /* CreateNewTaskViewController.swift */; };
		E07273982ACDF17B00866078 /* HomeViewModel.swift in Sources */ = {isa = PBXBuildFile; fileRef = E072738C2ACDF17B00866078 /* HomeViewModel.swift */; };
		E07273992ACDF17B00866078 /* CallendarPickerViewModal.swift in Sources */ = {isa = PBXBuildFile; fileRef = E072738E2ACDF17B00866078 /* CallendarPickerViewModal.swift */; };
		E072739A2ACDF17B00866078 /* HomeViewController.swift in Sources */ = {isa = PBXBuildFile; fileRef = E072738F2ACDF17B00866078 /* HomeViewController.swift */; };
		E07273A22ACDFD5400866078 /* HomeViewCellDifficulty.swift in Sources */ = {isa = PBXBuildFile; fileRef = E07273A12ACDFD5400866078 /* HomeViewCellDifficulty.swift */; };
		E07273A42ACE055200866078 /* HomeViewCellCheckButton.swift in Sources */ = {isa = PBXBuildFile; fileRef = E07273A32ACE055200866078 /* HomeViewCellCheckButton.swift */; };
		E0BBCFBE2ABCB067008D71EE /* AppDelegate.swift in Sources */ = {isa = PBXBuildFile; fileRef = E0BBCFBD2ABCB067008D71EE /* AppDelegate.swift */; };
		E0BBCFC02ABCB067008D71EE /* SceneDelegate.swift in Sources */ = {isa = PBXBuildFile; fileRef = E0BBCFBF2ABCB067008D71EE /* SceneDelegate.swift */; };
		E0BBCFC72ABCB068008D71EE /* Assets.xcassets in Resources */ = {isa = PBXBuildFile; fileRef = E0BBCFC62ABCB068008D71EE /* Assets.xcassets */; };
		E0BBCFCA2ABCB068008D71EE /* LaunchScreen.storyboard in Resources */ = {isa = PBXBuildFile; fileRef = E0BBCFC82ABCB068008D71EE /* LaunchScreen.storyboard */; };
		E0BBCFD52ABCB068008D71EE /* Mini02Tests.swift in Sources */ = {isa = PBXBuildFile; fileRef = E0BBCFD42ABCB068008D71EE /* Mini02Tests.swift */; };
		E0BBCFDF2ABCB068008D71EE /* Mini02UITests.swift in Sources */ = {isa = PBXBuildFile; fileRef = E0BBCFDE2ABCB068008D71EE /* Mini02UITests.swift */; };
		E0BBCFE12ABCB068008D71EE /* Mini02UITestsLaunchTests.swift in Sources */ = {isa = PBXBuildFile; fileRef = E0BBCFE02ABCB068008D71EE /* Mini02UITestsLaunchTests.swift */; };
		E0BBCFF32ABCB2BE008D71EE /* StatisticViewController.swift in Sources */ = {isa = PBXBuildFile; fileRef = E0BBCFF22ABCB2BE008D71EE /* StatisticViewController.swift */; };
		E0BBCFF52ABCB2CD008D71EE /* JournalViewController.swift in Sources */ = {isa = PBXBuildFile; fileRef = E0BBCFF42ABCB2CD008D71EE /* JournalViewController.swift */; };
		E0BBCFFA2ABCB37C008D71EE /* TabBarController.swift in Sources */ = {isa = PBXBuildFile; fileRef = E0BBCFF92ABCB37C008D71EE /* TabBarController.swift */; };
		E0DA9A382AD5AF5F0012090D /* GoalComponent.swift in Sources */ = {isa = PBXBuildFile; fileRef = E0DA9A312AD5AF5E0012090D /* GoalComponent.swift */; };
		E0DA9A392AD5AF5F0012090D /* JournalList.swift in Sources */ = {isa = PBXBuildFile; fileRef = E0DA9A322AD5AF5E0012090D /* JournalList.swift */; };
		E0DA9A3A2AD5AF5F0012090D /* JournalListCollectionViewCell.swift in Sources */ = {isa = PBXBuildFile; fileRef = E0DA9A332AD5AF5E0012090D /* JournalListCollectionViewCell.swift */; };
		E0DA9A3B2AD5AF5F0012090D /* JournalListTitle.swift in Sources */ = {isa = PBXBuildFile; fileRef = E0DA9A342AD5AF5F0012090D /* JournalListTitle.swift */; };
		E0DA9A3C2AD5AF5F0012090D /* NewJournalButton.swift in Sources */ = {isa = PBXBuildFile; fileRef = E0DA9A352AD5AF5F0012090D /* NewJournalButton.swift */; };
		E0DA9A3D2AD5AF5F0012090D /* JournalListCollectionView.swift in Sources */ = {isa = PBXBuildFile; fileRef = E0DA9A362AD5AF5F0012090D /* JournalListCollectionView.swift */; };
		E0DA9A3E2AD5AF5F0012090D /* JournalListHeader.swift in Sources */ = {isa = PBXBuildFile; fileRef = E0DA9A372AD5AF5F0012090D /* JournalListHeader.swift */; };
/* End PBXBuildFile section */

/* Begin PBXContainerItemProxy section */
		E0BBCFD12ABCB068008D71EE /* PBXContainerItemProxy */ = {
			isa = PBXContainerItemProxy;
			containerPortal = E0BBCFB22ABCB067008D71EE /* Project object */;
			proxyType = 1;
			remoteGlobalIDString = E0BBCFB92ABCB067008D71EE;
			remoteInfo = Mini02;
		};
		E0BBCFDB2ABCB068008D71EE /* PBXContainerItemProxy */ = {
			isa = PBXContainerItemProxy;
			containerPortal = E0BBCFB22ABCB067008D71EE /* Project object */;
			proxyType = 1;
			remoteGlobalIDString = E0BBCFB92ABCB067008D71EE;
			remoteInfo = Mini02;
		};
/* End PBXContainerItemProxy section */

/* Begin PBXFileReference section */
		4041E4FB2ACB59640043950F /* FeelingBoxView.swift */ = {isa = PBXFileReference; fileEncoding = 4; lastKnownFileType = sourcecode.swift; path = FeelingBoxView.swift; sourceTree = "<group>"; };
		40842A342AD62AD000BB1243 /* HapticsConfig.swift */ = {isa = PBXFileReference; lastKnownFileType = sourcecode.swift; path = HapticsConfig.swift; sourceTree = "<group>"; };
		40842A362AD70FD900BB1243 /* Localizable.xcstrings */ = {isa = PBXFileReference; lastKnownFileType = text.json.xcstrings; path = Localizable.xcstrings; sourceTree = "<group>"; };
		40CA777C2AC345B400DF3FAD /* HeaderView.swift */ = {isa = PBXFileReference; lastKnownFileType = sourcecode.swift; path = HeaderView.swift; sourceTree = "<group>"; };
		40CA777E2AC3486900DF3FAD /* StatisticBoxView.swift */ = {isa = PBXFileReference; lastKnownFileType = sourcecode.swift; path = StatisticBoxView.swift; sourceTree = "<group>"; };
		40CA77862AC3534D00DF3FAD /* Label.swift */ = {isa = PBXFileReference; lastKnownFileType = sourcecode.swift; path = Label.swift; sourceTree = "<group>"; };
		40CA77892AC36FD100DF3FAD /* Stack.swift */ = {isa = PBXFileReference; lastKnownFileType = sourcecode.swift; path = Stack.swift; sourceTree = "<group>"; };
		40D918782ACF3C48001C0673 /* PrimaryTableViewCell.swift */ = {isa = PBXFileReference; lastKnownFileType = sourcecode.swift; path = PrimaryTableViewCell.swift; sourceTree = "<group>"; };
		40D9187A2ACF3C60001C0673 /* SecondaryTableViewCell.swift */ = {isa = PBXFileReference; lastKnownFileType = sourcecode.swift; path = SecondaryTableViewCell.swift; sourceTree = "<group>"; };
		980613582AC5FB4700B62D22 /* Image.swift */ = {isa = PBXFileReference; lastKnownFileType = sourcecode.swift; path = Image.swift; sourceTree = "<group>"; };
		983D045A2AC499CF00674517 /* Button.swift */ = {isa = PBXFileReference; lastKnownFileType = sourcecode.swift; path = Button.swift; sourceTree = "<group>"; };
		983D045C2AC49C2100674517 /* Stack.swift */ = {isa = PBXFileReference; lastKnownFileType = sourcecode.swift; path = Stack.swift; sourceTree = "<group>"; };
		983D04662AC4B35000674517 /* FeelingViewer.swift */ = {isa = PBXFileReference; lastKnownFileType = sourcecode.swift; path = FeelingViewer.swift; sourceTree = "<group>"; };
		98482AAC2ACF332900C1314D /* ActiveTask.swift */ = {isa = PBXFileReference; lastKnownFileType = sourcecode.swift; path = ActiveTask.swift; sourceTree = "<group>"; };
		98482AB02ACF5CFB00C1314D /* Observable.swift */ = {isa = PBXFileReference; lastKnownFileType = sourcecode.swift; path = Observable.swift; sourceTree = "<group>"; };
		984AEF812ABCCC14003A838D /* DataModel.xcdatamodel */ = {isa = PBXFileReference; lastKnownFileType = wrapper.xcdatamodel; path = DataModel.xcdatamodel; sourceTree = "<group>"; };
		984AEF842ABCD750003A838D /* DataController.swift */ = {isa = PBXFileReference; lastKnownFileType = sourcecode.swift; path = DataController.swift; sourceTree = "<group>"; };
		984AEF872ABCE3E9003A838D /* AppMainCoordinator.swift */ = {isa = PBXFileReference; lastKnownFileType = sourcecode.swift; path = AppMainCoordinator.swift; sourceTree = "<group>"; };
		984AEF8A2ABDE611003A838D /* MVVMCView.swift */ = {isa = PBXFileReference; lastKnownFileType = sourcecode.swift; path = MVVMCView.swift; sourceTree = "<group>"; };
		984AEF8C2ABDE63D003A838D /* ModelView.swift */ = {isa = PBXFileReference; lastKnownFileType = sourcecode.swift; path = ModelView.swift; sourceTree = "<group>"; };
		984AEF8F2ABDEBD9003A838D /* Task.swift */ = {isa = PBXFileReference; lastKnownFileType = sourcecode.swift; path = Task.swift; sourceTree = "<group>"; };
		98BFF8462ACB18A600F6D62E /* UIFont.swift */ = {isa = PBXFileReference; lastKnownFileType = sourcecode.swift; path = UIFont.swift; sourceTree = "<group>"; };
		98CB168F2ACCA49D008C4B93 /* Nunito.zip */ = {isa = PBXFileReference; lastKnownFileType = archive.zip; path = Nunito.zip; sourceTree = "<group>"; };
		98CB16922ACCA4CF008C4B93 /* Nunito-VariableFont_wght.ttf */ = {isa = PBXFileReference; lastKnownFileType = file; path = "Nunito-VariableFont_wght.ttf"; sourceTree = "<group>"; };
		98CB16942ACCA4CF008C4B93 /* Nunito-Medium.ttf */ = {isa = PBXFileReference; lastKnownFileType = file; path = "Nunito-Medium.ttf"; sourceTree = "<group>"; };
		98CB16952ACCA4CF008C4B93 /* Nunito-ExtraBoldItalic.ttf */ = {isa = PBXFileReference; lastKnownFileType = file; path = "Nunito-ExtraBoldItalic.ttf"; sourceTree = "<group>"; };
		98CB16962ACCA4CF008C4B93 /* Nunito-ExtraBold.ttf */ = {isa = PBXFileReference; lastKnownFileType = file; path = "Nunito-ExtraBold.ttf"; sourceTree = "<group>"; };
		98CB16972ACCA4CF008C4B93 /* Nunito-ExtraLightItalic.ttf */ = {isa = PBXFileReference; lastKnownFileType = file; path = "Nunito-ExtraLightItalic.ttf"; sourceTree = "<group>"; };
		98CB16982ACCA4CF008C4B93 /* Nunito-Light.ttf */ = {isa = PBXFileReference; lastKnownFileType = file; path = "Nunito-Light.ttf"; sourceTree = "<group>"; };
		98CB16992ACCA4CF008C4B93 /* Nunito-Regular.ttf */ = {isa = PBXFileReference; lastKnownFileType = file; path = "Nunito-Regular.ttf"; sourceTree = "<group>"; };
		98CB169A2ACCA4CF008C4B93 /* Nunito-SemiBold.ttf */ = {isa = PBXFileReference; lastKnownFileType = file; path = "Nunito-SemiBold.ttf"; sourceTree = "<group>"; };
		98CB169B2ACCA4CF008C4B93 /* Nunito-Bold.ttf */ = {isa = PBXFileReference; lastKnownFileType = file; path = "Nunito-Bold.ttf"; sourceTree = "<group>"; };
		98CB169C2ACCA4CF008C4B93 /* Nunito-BoldItalic.ttf */ = {isa = PBXFileReference; lastKnownFileType = file; path = "Nunito-BoldItalic.ttf"; sourceTree = "<group>"; };
		98CB169D2ACCA4CF008C4B93 /* Nunito-Black.ttf */ = {isa = PBXFileReference; lastKnownFileType = file; path = "Nunito-Black.ttf"; sourceTree = "<group>"; };
		98CB169E2ACCA4CF008C4B93 /* Nunito-ExtraLight.ttf */ = {isa = PBXFileReference; lastKnownFileType = file; path = "Nunito-ExtraLight.ttf"; sourceTree = "<group>"; };
		98CB169F2ACCA4CF008C4B93 /* Nunito-SemiBoldItalic.ttf */ = {isa = PBXFileReference; lastKnownFileType = file; path = "Nunito-SemiBoldItalic.ttf"; sourceTree = "<group>"; };
		98CB16A02ACCA4CF008C4B93 /* Nunito-BlackItalic.ttf */ = {isa = PBXFileReference; lastKnownFileType = file; path = "Nunito-BlackItalic.ttf"; sourceTree = "<group>"; };
		98CB16A12ACCA4CF008C4B93 /* Nunito-Italic.ttf */ = {isa = PBXFileReference; lastKnownFileType = file; path = "Nunito-Italic.ttf"; sourceTree = "<group>"; };
		98CB16A22ACCA4CF008C4B93 /* Nunito-LightItalic.ttf */ = {isa = PBXFileReference; lastKnownFileType = file; path = "Nunito-LightItalic.ttf"; sourceTree = "<group>"; };
		98CB16A32ACCA4CF008C4B93 /* Nunito-MediumItalic.ttf */ = {isa = PBXFileReference; lastKnownFileType = file; path = "Nunito-MediumItalic.ttf"; sourceTree = "<group>"; };
		98CB16A42ACCA4CF008C4B93 /* OFL.txt */ = {isa = PBXFileReference; fileEncoding = 4; lastKnownFileType = text; path = OFL.txt; sourceTree = "<group>"; };
		98CB16A52ACCA4CF008C4B93 /* Nunito-Italic-VariableFont_wght.ttf */ = {isa = PBXFileReference; lastKnownFileType = file; path = "Nunito-Italic-VariableFont_wght.ttf"; sourceTree = "<group>"; };
		98CB16A62ACCA4CF008C4B93 /* README.txt */ = {isa = PBXFileReference; fileEncoding = 4; lastKnownFileType = text; path = README.txt; sourceTree = "<group>"; };
		98D215442AD06AF000524ADC /* DatePicker.swift */ = {isa = PBXFileReference; lastKnownFileType = sourcecode.swift; path = DatePicker.swift; sourceTree = "<group>"; };
		98D2154A2AD244A700524ADC /* Journal.swift */ = {isa = PBXFileReference; lastKnownFileType = sourcecode.swift; path = Journal.swift; sourceTree = "<group>"; };
		98D2154C2AD245DA00524ADC /* Feeling.swift */ = {isa = PBXFileReference; lastKnownFileType = sourcecode.swift; path = Feeling.swift; sourceTree = "<group>"; };
		98F17B432AC2133300003DF3 /* Coordinator.swift */ = {isa = PBXFileReference; lastKnownFileType = sourcecode.swift; path = Coordinator.swift; sourceTree = "<group>"; };
		98F17B472AC2146B00003DF3 /* JournalMainCoordinator.swift */ = {isa = PBXFileReference; lastKnownFileType = sourcecode.swift; path = JournalMainCoordinator.swift; sourceTree = "<group>"; };
		98F17B4B2AC214AD00003DF3 /* JournalViewModel.swift */ = {isa = PBXFileReference; lastKnownFileType = sourcecode.swift; path = JournalViewModel.swift; sourceTree = "<group>"; };
		98F17B522AC2199500003DF3 /* StatisticsViewModel.swift */ = {isa = PBXFileReference; lastKnownFileType = sourcecode.swift; path = StatisticsViewModel.swift; sourceTree = "<group>"; };
		98F17B542AC219BC00003DF3 /* StatisticMainCoordinator.swift */ = {isa = PBXFileReference; lastKnownFileType = sourcecode.swift; path = StatisticMainCoordinator.swift; sourceTree = "<group>"; };
		98F17B592AC323C700003DF3 /* User.swift */ = {isa = PBXFileReference; lastKnownFileType = sourcecode.swift; path = User.swift; sourceTree = "<group>"; };
		98F17B5C2AC32B1100003DF3 /* Seeder.swift */ = {isa = PBXFileReference; lastKnownFileType = sourcecode.swift; path = Seeder.swift; sourceTree = "<group>"; };
		98F17B5E2AC337F900003DF3 /* DifficultySeeder.swift */ = {isa = PBXFileReference; lastKnownFileType = sourcecode.swift; path = DifficultySeeder.swift; sourceTree = "<group>"; };
		98F17B602AC343F300003DF3 /* SeederManager.swift */ = {isa = PBXFileReference; lastKnownFileType = sourcecode.swift; path = SeederManager.swift; sourceTree = "<group>"; };
		98F17B622AC3542C00003DF3 /* DiscomfortSeeder.swift */ = {isa = PBXFileReference; lastKnownFileType = sourcecode.swift; path = DiscomfortSeeder.swift; sourceTree = "<group>"; };
		98F17B642AC356E700003DF3 /* FeelingSeeder.swift */ = {isa = PBXFileReference; lastKnownFileType = sourcecode.swift; path = FeelingSeeder.swift; sourceTree = "<group>"; };
		98F17B662AC3589C00003DF3 /* TaskSeeder.swift */ = {isa = PBXFileReference; lastKnownFileType = sourcecode.swift; path = TaskSeeder.swift; sourceTree = "<group>"; };
		98F17B682AC35B1500003DF3 /* DifficultyLevel.swift */ = {isa = PBXFileReference; lastKnownFileType = sourcecode.swift; path = DifficultyLevel.swift; sourceTree = "<group>"; };
		AF13E2E92AD0CEE800F2B82A /* TitleDateButton.swift */ = {isa = PBXFileReference; lastKnownFileType = sourcecode.swift; path = TitleDateButton.swift; sourceTree = "<group>"; };
		AF13E2EB2AD0D0F800F2B82A /* ButtonBack.swift */ = {isa = PBXFileReference; lastKnownFileType = sourcecode.swift; path = ButtonBack.swift; sourceTree = "<group>"; };
		AF13E2ED2AD0E65300F2B82A /* ButtonModalFeelings.swift */ = {isa = PBXFileReference; lastKnownFileType = sourcecode.swift; path = ButtonModalFeelings.swift; sourceTree = "<group>"; };
		AF13E2EF2AD18D2D00F2B82A /* ButtonSave.swift */ = {isa = PBXFileReference; lastKnownFileType = sourcecode.swift; path = ButtonSave.swift; sourceTree = "<group>"; };
		AF42548B2AC7703C00B103ED /* Fileapende.swift */ = {isa = PBXFileReference; lastKnownFileType = sourcecode.swift; path = Fileapende.swift; sourceTree = "<group>"; };
		AF5775CC2AD4766100E7714F /* NewCustomTaskViewViewModel.swift */ = {isa = PBXFileReference; lastKnownFileType = sourcecode.swift; path = NewCustomTaskViewViewModel.swift; sourceTree = "<group>"; };
		AF608CC52AC74A4200FD34CF /* NewJournalViewModel.swift */ = {isa = PBXFileReference; fileEncoding = 4; lastKnownFileType = sourcecode.swift; path = NewJournalViewModel.swift; sourceTree = "<group>"; };
		AF608CC72AC74A4200FD34CF /* NewJournalMainCoordinator.swift */ = {isa = PBXFileReference; fileEncoding = 4; lastKnownFileType = sourcecode.swift; path = NewJournalMainCoordinator.swift; sourceTree = "<group>"; };
		AF608CC92AC74A4200FD34CF /* PlaceholderTextView.swift */ = {isa = PBXFileReference; fileEncoding = 4; lastKnownFileType = sourcecode.swift; path = PlaceholderTextView.swift; sourceTree = "<group>"; };
		AF608CCA2AC74A4200FD34CF /* ModalFeeling.swift */ = {isa = PBXFileReference; fileEncoding = 4; lastKnownFileType = sourcecode.swift; path = ModalFeeling.swift; sourceTree = "<group>"; };
		AF608CCC2AC74A4200FD34CF /* NewJournalViewController.swift */ = {isa = PBXFileReference; fileEncoding = 4; lastKnownFileType = sourcecode.swift; path = NewJournalViewController.swift; sourceTree = "<group>"; };
		AFBD60A22AD616520003BEA9 /* TextViewDescription.swift */ = {isa = PBXFileReference; lastKnownFileType = sourcecode.swift; path = TextViewDescription.swift; sourceTree = "<group>"; };
		AFE5B6FF2AD446490074D66B /* NewCustomTaskViewController.swift */ = {isa = PBXFileReference; lastKnownFileType = sourcecode.swift; path = NewCustomTaskViewController.swift; sourceTree = "<group>"; };
		AFE5B7012AD469CF0074D66B /* NewCustomCoordinator.swift */ = {isa = PBXFileReference; lastKnownFileType = sourcecode.swift; path = NewCustomCoordinator.swift; sourceTree = "<group>"; };
		AFF7A4682ACCEAB900B27949 /* TitleNewJournal.swift */ = {isa = PBXFileReference; lastKnownFileType = sourcecode.swift; path = TitleNewJournal.swift; sourceTree = "<group>"; };
		E07273702ACDF0FD00866078 /* DateToString.swift */ = {isa = PBXFileReference; lastKnownFileType = sourcecode.swift; path = DateToString.swift; sourceTree = "<group>"; };
		E072737E2ACDF17B00866078 /* HomeMainCoordinator.swift */ = {isa = PBXFileReference; fileEncoding = 4; lastKnownFileType = sourcecode.swift; path = HomeMainCoordinator.swift; sourceTree = "<group>"; };
		E07273802ACDF17B00866078 /* CustomCell.swift */ = {isa = PBXFileReference; fileEncoding = 4; lastKnownFileType = sourcecode.swift; path = CustomCell.swift; sourceTree = "<group>"; };
		E07273812ACDF17B00866078 /* HomeViewCollectionDelegate.swift */ = {isa = PBXFileReference; fileEncoding = 4; lastKnownFileType = sourcecode.swift; path = HomeViewCollectionDelegate.swift; sourceTree = "<group>"; };
		E07273822ACDF17B00866078 /* CollectionSectionEnum.swift */ = {isa = PBXFileReference; fileEncoding = 4; lastKnownFileType = sourcecode.swift; path = CollectionSectionEnum.swift; sourceTree = "<group>"; };
		E07273832ACDF17B00866078 /* DateDelegateProtocol.swift */ = {isa = PBXFileReference; fileEncoding = 4; lastKnownFileType = sourcecode.swift; path = DateDelegateProtocol.swift; sourceTree = "<group>"; };
		E07273862ACDF17B00866078 /* CreateNewTaskViewModel.swift */ = {isa = PBXFileReference; fileEncoding = 4; lastKnownFileType = sourcecode.swift; path = CreateNewTaskViewModel.swift; sourceTree = "<group>"; };
		E07273882ACDF17B00866078 /* CreateNewTaskCoordinator.swift */ = {isa = PBXFileReference; fileEncoding = 4; lastKnownFileType = sourcecode.swift; path = CreateNewTaskCoordinator.swift; sourceTree = "<group>"; };
		E072738A2ACDF17B00866078 /* CreateNewTaskViewController.swift */ = {isa = PBXFileReference; fileEncoding = 4; lastKnownFileType = sourcecode.swift; path = CreateNewTaskViewController.swift; sourceTree = "<group>"; };
		E072738C2ACDF17B00866078 /* HomeViewModel.swift */ = {isa = PBXFileReference; fileEncoding = 4; lastKnownFileType = sourcecode.swift; path = HomeViewModel.swift; sourceTree = "<group>"; };
		E072738E2ACDF17B00866078 /* CallendarPickerViewModal.swift */ = {isa = PBXFileReference; fileEncoding = 4; lastKnownFileType = sourcecode.swift; path = CallendarPickerViewModal.swift; sourceTree = "<group>"; };
		E072738F2ACDF17B00866078 /* HomeViewController.swift */ = {isa = PBXFileReference; fileEncoding = 4; lastKnownFileType = sourcecode.swift; path = HomeViewController.swift; sourceTree = "<group>"; };
		E07273A12ACDFD5400866078 /* HomeViewCellDifficulty.swift */ = {isa = PBXFileReference; fileEncoding = 4; lastKnownFileType = sourcecode.swift; path = HomeViewCellDifficulty.swift; sourceTree = "<group>"; };
		E07273A32ACE055200866078 /* HomeViewCellCheckButton.swift */ = {isa = PBXFileReference; lastKnownFileType = sourcecode.swift; path = HomeViewCellCheckButton.swift; sourceTree = "<group>"; };
		E0BBCFBA2ABCB067008D71EE /* Mini02.app */ = {isa = PBXFileReference; explicitFileType = wrapper.application; includeInIndex = 0; path = Mini02.app; sourceTree = BUILT_PRODUCTS_DIR; };
		E0BBCFBD2ABCB067008D71EE /* AppDelegate.swift */ = {isa = PBXFileReference; lastKnownFileType = sourcecode.swift; path = AppDelegate.swift; sourceTree = "<group>"; };
		E0BBCFBF2ABCB067008D71EE /* SceneDelegate.swift */ = {isa = PBXFileReference; lastKnownFileType = sourcecode.swift; path = SceneDelegate.swift; sourceTree = "<group>"; };
		E0BBCFC62ABCB068008D71EE /* Assets.xcassets */ = {isa = PBXFileReference; lastKnownFileType = folder.assetcatalog; path = Assets.xcassets; sourceTree = "<group>"; };
		E0BBCFC92ABCB068008D71EE /* Base */ = {isa = PBXFileReference; lastKnownFileType = file.storyboard; name = Base; path = Base.lproj/LaunchScreen.storyboard; sourceTree = "<group>"; };
		E0BBCFCB2ABCB068008D71EE /* Info.plist */ = {isa = PBXFileReference; lastKnownFileType = text.plist.xml; path = Info.plist; sourceTree = "<group>"; };
		E0BBCFD02ABCB068008D71EE /* Mini02Tests.xctest */ = {isa = PBXFileReference; explicitFileType = wrapper.cfbundle; includeInIndex = 0; path = Mini02Tests.xctest; sourceTree = BUILT_PRODUCTS_DIR; };
		E0BBCFD42ABCB068008D71EE /* Mini02Tests.swift */ = {isa = PBXFileReference; lastKnownFileType = sourcecode.swift; path = Mini02Tests.swift; sourceTree = "<group>"; };
		E0BBCFDA2ABCB068008D71EE /* Mini02UITests.xctest */ = {isa = PBXFileReference; explicitFileType = wrapper.cfbundle; includeInIndex = 0; path = Mini02UITests.xctest; sourceTree = BUILT_PRODUCTS_DIR; };
		E0BBCFDE2ABCB068008D71EE /* Mini02UITests.swift */ = {isa = PBXFileReference; lastKnownFileType = sourcecode.swift; path = Mini02UITests.swift; sourceTree = "<group>"; };
		E0BBCFE02ABCB068008D71EE /* Mini02UITestsLaunchTests.swift */ = {isa = PBXFileReference; lastKnownFileType = sourcecode.swift; path = Mini02UITestsLaunchTests.swift; sourceTree = "<group>"; };
		E0BBCFF22ABCB2BE008D71EE /* StatisticViewController.swift */ = {isa = PBXFileReference; lastKnownFileType = sourcecode.swift; path = StatisticViewController.swift; sourceTree = "<group>"; };
		E0BBCFF42ABCB2CD008D71EE /* JournalViewController.swift */ = {isa = PBXFileReference; lastKnownFileType = sourcecode.swift; path = JournalViewController.swift; sourceTree = "<group>"; };
		E0BBCFF92ABCB37C008D71EE /* TabBarController.swift */ = {isa = PBXFileReference; lastKnownFileType = sourcecode.swift; path = TabBarController.swift; sourceTree = "<group>"; };
		E0DA9A312AD5AF5E0012090D /* GoalComponent.swift */ = {isa = PBXFileReference; fileEncoding = 4; lastKnownFileType = sourcecode.swift; path = GoalComponent.swift; sourceTree = "<group>"; };
		E0DA9A322AD5AF5E0012090D /* JournalList.swift */ = {isa = PBXFileReference; fileEncoding = 4; lastKnownFileType = sourcecode.swift; path = JournalList.swift; sourceTree = "<group>"; };
		E0DA9A332AD5AF5E0012090D /* JournalListCollectionViewCell.swift */ = {isa = PBXFileReference; fileEncoding = 4; lastKnownFileType = sourcecode.swift; path = JournalListCollectionViewCell.swift; sourceTree = "<group>"; };
		E0DA9A342AD5AF5F0012090D /* JournalListTitle.swift */ = {isa = PBXFileReference; fileEncoding = 4; lastKnownFileType = sourcecode.swift; path = JournalListTitle.swift; sourceTree = "<group>"; };
		E0DA9A352AD5AF5F0012090D /* NewJournalButton.swift */ = {isa = PBXFileReference; fileEncoding = 4; lastKnownFileType = sourcecode.swift; path = NewJournalButton.swift; sourceTree = "<group>"; };
		E0DA9A362AD5AF5F0012090D /* JournalListCollectionView.swift */ = {isa = PBXFileReference; fileEncoding = 4; lastKnownFileType = sourcecode.swift; path = JournalListCollectionView.swift; sourceTree = "<group>"; };
		E0DA9A372AD5AF5F0012090D /* JournalListHeader.swift */ = {isa = PBXFileReference; fileEncoding = 4; lastKnownFileType = sourcecode.swift; path = JournalListHeader.swift; sourceTree = "<group>"; };
/* End PBXFileReference section */

/* Begin PBXFrameworksBuildPhase section */
		E0BBCFB72ABCB067008D71EE /* Frameworks */ = {
			isa = PBXFrameworksBuildPhase;
			buildActionMask = 2147483647;
			files = (
			);
			runOnlyForDeploymentPostprocessing = 0;
		};
		E0BBCFCD2ABCB068008D71EE /* Frameworks */ = {
			isa = PBXFrameworksBuildPhase;
			buildActionMask = 2147483647;
			files = (
			);
			runOnlyForDeploymentPostprocessing = 0;
		};
		E0BBCFD72ABCB068008D71EE /* Frameworks */ = {
			isa = PBXFrameworksBuildPhase;
			buildActionMask = 2147483647;
			files = (
			);
			runOnlyForDeploymentPostprocessing = 0;
		};
/* End PBXFrameworksBuildPhase section */

/* Begin PBXGroup section */
		40CA777B2AC345A000DF3FAD /* Components */ = {
			isa = PBXGroup;
			children = (
				40CA777C2AC345B400DF3FAD /* HeaderView.swift */,
				40CA777E2AC3486900DF3FAD /* StatisticBoxView.swift */,
				4041E4FB2ACB59640043950F /* FeelingBoxView.swift */,
				40CA77862AC3534D00DF3FAD /* Label.swift */,
				983D045A2AC499CF00674517 /* Button.swift */,
				983D045C2AC49C2100674517 /* Stack.swift */,
				983D04662AC4B35000674517 /* FeelingViewer.swift */,
				980613582AC5FB4700B62D22 /* Image.swift */,
				40CA77892AC36FD100DF3FAD /* Stack.swift */,
				E07273702ACDF0FD00866078 /* DateToString.swift */,
				40D918782ACF3C48001C0673 /* PrimaryTableViewCell.swift */,
				40D9187A2ACF3C60001C0673 /* SecondaryTableViewCell.swift */,
				E07273A12ACDFD5400866078 /* HomeViewCellDifficulty.swift */,
				E07273A32ACE055200866078 /* HomeViewCellCheckButton.swift */,
				98D215442AD06AF000524ADC /* DatePicker.swift */,
				40842A342AD62AD000BB1243 /* HapticsConfig.swift */,
			);
			path = Components;
			sourceTree = "<group>";
		};
		981BBE422AC3748B003A4060 /* Recovered References */ = {
			isa = PBXGroup;
			children = (
			);
			name = "Recovered References";
			sourceTree = "<group>";
		};
		981BBE432AC3749F003A4060 /* JournalList */ = {
			isa = PBXGroup;
			children = (
				983D04612AC4AAC000674517 /* Coordinator */,
				983D045E2AC4AA6C00674517 /* ViewModel */,
				981BBE442AC374A9003A4060 /* View */,
			);
			path = JournalList;
			sourceTree = "<group>";
		};
		981BBE442AC374A9003A4060 /* View */ = {
			isa = PBXGroup;
			children = (
				E0DA9A312AD5AF5E0012090D /* GoalComponent.swift */,
				E0DA9A322AD5AF5E0012090D /* JournalList.swift */,
				E0DA9A362AD5AF5F0012090D /* JournalListCollectionView.swift */,
				E0DA9A332AD5AF5E0012090D /* JournalListCollectionViewCell.swift */,
				E0DA9A372AD5AF5F0012090D /* JournalListHeader.swift */,
				E0DA9A342AD5AF5F0012090D /* JournalListTitle.swift */,
				E0DA9A352AD5AF5F0012090D /* NewJournalButton.swift */,
			);
			path = View;
			sourceTree = "<group>";
		};
		983D045E2AC4AA6C00674517 /* ViewModel */ = {
			isa = PBXGroup;
			children = (
				98F17B4B2AC214AD00003DF3 /* JournalViewModel.swift */,
			);
			path = ViewModel;
			sourceTree = "<group>";
		};
		983D04612AC4AAC000674517 /* Coordinator */ = {
			isa = PBXGroup;
			children = (
				98F17B472AC2146B00003DF3 /* JournalMainCoordinator.swift */,
			);
			path = Coordinator;
			sourceTree = "<group>";
		};
		984AEF832ABCD743003A838D /* DataModel */ = {
			isa = PBXGroup;
			children = (
				984AEF802ABCCC14003A838D /* DataModel.xcdatamodeld */,
				984AEF842ABCD750003A838D /* DataController.swift */,
			);
			path = DataModel;
			sourceTree = "<group>";
		};
		984AEF892ABDE604003A838D /* Utils */ = {
			isa = PBXGroup;
			children = (
				984AEF8A2ABDE611003A838D /* MVVMCView.swift */,
				984AEF8C2ABDE63D003A838D /* ModelView.swift */,
				98F17B432AC2133300003DF3 /* Coordinator.swift */,
				98482AB02ACF5CFB00C1314D /* Observable.swift */,
			);
			path = Utils;
			sourceTree = "<group>";
		};
		984AEF8E2ABDEBCF003A838D /* Models */ = {
			isa = PBXGroup;
			children = (
				98F17B5B2AC32B0300003DF3 /* Seeder */,
				984AEF8F2ABDEBD9003A838D /* Task.swift */,
				98F17B592AC323C700003DF3 /* User.swift */,
				98F17B682AC35B1500003DF3 /* DifficultyLevel.swift */,
				98482AAC2ACF332900C1314D /* ActiveTask.swift */,
				98D2154A2AD244A700524ADC /* Journal.swift */,
				98D2154C2AD245DA00524ADC /* Feeling.swift */,
			);
			path = Models;
			sourceTree = "<group>";
		};
		98BFF8452ACB185600F6D62E /* Assets */ = {
			isa = PBXGroup;
			children = (
				40CA777B2AC345A000DF3FAD /* Components */,
			);
			path = Assets;
			sourceTree = "<group>";
		};
		98BFF8482ACB2BA000F6D62E /* Extension */ = {
			isa = PBXGroup;
			children = (
				98BFF8462ACB18A600F6D62E /* UIFont.swift */,
			);
			path = Extension;
			sourceTree = "<group>";
		};
		98CB168E2ACCA498008C4B93 /* Fonts */ = {
			isa = PBXGroup;
			children = (
				98CB16912ACCA4CF008C4B93 /* Nunito */,
				98CB168F2ACCA49D008C4B93 /* Nunito.zip */,
			);
			path = Fonts;
			sourceTree = "<group>";
		};
		98CB16912ACCA4CF008C4B93 /* Nunito */ = {
			isa = PBXGroup;
			children = (
				98CB16922ACCA4CF008C4B93 /* Nunito-VariableFont_wght.ttf */,
				98CB16932ACCA4CF008C4B93 /* static */,
				98CB16A42ACCA4CF008C4B93 /* OFL.txt */,
				98CB16A52ACCA4CF008C4B93 /* Nunito-Italic-VariableFont_wght.ttf */,
				98CB16A62ACCA4CF008C4B93 /* README.txt */,
			);
			path = Nunito;
			sourceTree = "<group>";
		};
		98CB16932ACCA4CF008C4B93 /* static */ = {
			isa = PBXGroup;
			children = (
				98CB16942ACCA4CF008C4B93 /* Nunito-Medium.ttf */,
				98CB16952ACCA4CF008C4B93 /* Nunito-ExtraBoldItalic.ttf */,
				98CB16962ACCA4CF008C4B93 /* Nunito-ExtraBold.ttf */,
				98CB16972ACCA4CF008C4B93 /* Nunito-ExtraLightItalic.ttf */,
				98CB16982ACCA4CF008C4B93 /* Nunito-Light.ttf */,
				98CB16992ACCA4CF008C4B93 /* Nunito-Regular.ttf */,
				98CB169A2ACCA4CF008C4B93 /* Nunito-SemiBold.ttf */,
				98CB169B2ACCA4CF008C4B93 /* Nunito-Bold.ttf */,
				98CB169C2ACCA4CF008C4B93 /* Nunito-BoldItalic.ttf */,
				98CB169D2ACCA4CF008C4B93 /* Nunito-Black.ttf */,
				98CB169E2ACCA4CF008C4B93 /* Nunito-ExtraLight.ttf */,
				98CB169F2ACCA4CF008C4B93 /* Nunito-SemiBoldItalic.ttf */,
				98CB16A02ACCA4CF008C4B93 /* Nunito-BlackItalic.ttf */,
				98CB16A12ACCA4CF008C4B93 /* Nunito-Italic.ttf */,
				98CB16A22ACCA4CF008C4B93 /* Nunito-LightItalic.ttf */,
				98CB16A32ACCA4CF008C4B93 /* Nunito-MediumItalic.ttf */,
			);
			path = static;
			sourceTree = "<group>";
		};
		98F17B3A2AC2126D00003DF3 /* Presentation */ = {
			isa = PBXGroup;
			children = (
				AFE5B6FA2AD442950074D66B /* NewCustomTask */,
				98BFF8452ACB185600F6D62E /* Assets */,
				AF608CC32AC74A4200FD34CF /* NewJournal */,
				981BBE432AC3749F003A4060 /* JournalList */,
				98F17B4D2AC2197100003DF3 /* Statistics */,
				98F17B452AC213DE00003DF3 /* Journal */,
				98F17B3B2AC2128C00003DF3 /* Home */,
			);
			path = Presentation;
			sourceTree = "<group>";
		};
		98F17B3B2AC2128C00003DF3 /* Home */ = {
			isa = PBXGroup;
			children = (
				E072737D2ACDF17B00866078 /* Coordinator */,
				E07273842ACDF17B00866078 /* CreateNewTask */,
				E072737F2ACDF17B00866078 /* Support */,
				E072738D2ACDF17B00866078 /* View */,
				E072738B2ACDF17B00866078 /* ViewModel */,
			);
			path = Home;
			sourceTree = "<group>";
		};
		98F17B452AC213DE00003DF3 /* Journal */ = {
			isa = PBXGroup;
			children = (
				98F17B4A2AC2149200003DF3 /* ViewModel */,
				98F17B492AC2148900003DF3 /* View */,
				98F17B462AC2146000003DF3 /* Coordinator */,
			);
			path = Journal;
			sourceTree = "<group>";
		};
		98F17B462AC2146000003DF3 /* Coordinator */ = {
			isa = PBXGroup;
			children = (
			);
			path = Coordinator;
			sourceTree = "<group>";
		};
		98F17B492AC2148900003DF3 /* View */ = {
			isa = PBXGroup;
			children = (
				E0BBCFF42ABCB2CD008D71EE /* JournalViewController.swift */,
			);
			path = View;
			sourceTree = "<group>";
		};
		98F17B4A2AC2149200003DF3 /* ViewModel */ = {
			isa = PBXGroup;
			children = (
			);
			path = ViewModel;
			sourceTree = "<group>";
		};
		98F17B4D2AC2197100003DF3 /* Statistics */ = {
			isa = PBXGroup;
			children = (
				98F17B512AC2198700003DF3 /* ViewModel */,
				98F17B4F2AC2197E00003DF3 /* View */,
				98F17B4E2AC2197600003DF3 /* Coordinator */,
			);
			path = Statistics;
			sourceTree = "<group>";
		};
		98F17B4E2AC2197600003DF3 /* Coordinator */ = {
			isa = PBXGroup;
			children = (
				98F17B542AC219BC00003DF3 /* StatisticMainCoordinator.swift */,
			);
			path = Coordinator;
			sourceTree = "<group>";
		};
		98F17B4F2AC2197E00003DF3 /* View */ = {
			isa = PBXGroup;
			children = (
				E0BBCFF22ABCB2BE008D71EE /* StatisticViewController.swift */,
			);
			path = View;
			sourceTree = "<group>";
		};
		98F17B512AC2198700003DF3 /* ViewModel */ = {
			isa = PBXGroup;
			children = (
				98F17B522AC2199500003DF3 /* StatisticsViewModel.swift */,
			);
			path = ViewModel;
			sourceTree = "<group>";
		};
		98F17B5B2AC32B0300003DF3 /* Seeder */ = {
			isa = PBXGroup;
			children = (
				98F17B5C2AC32B1100003DF3 /* Seeder.swift */,
				98F17B5E2AC337F900003DF3 /* DifficultySeeder.swift */,
				98F17B602AC343F300003DF3 /* SeederManager.swift */,
				98F17B622AC3542C00003DF3 /* DiscomfortSeeder.swift */,
				98F17B642AC356E700003DF3 /* FeelingSeeder.swift */,
				98F17B662AC3589C00003DF3 /* TaskSeeder.swift */,
			);
			path = Seeder;
			sourceTree = "<group>";
		};
		AF608CC32AC74A4200FD34CF /* NewJournal */ = {
			isa = PBXGroup;
			children = (
				AF608CC42AC74A4200FD34CF /* ViewModel */,
				AF608CC62AC74A4200FD34CF /* Coordinator */,
				AF608CC82AC74A4200FD34CF /* Components */,
				AF608CCB2AC74A4200FD34CF /* View */,
			);
			path = NewJournal;
			sourceTree = "<group>";
		};
		AF608CC42AC74A4200FD34CF /* ViewModel */ = {
			isa = PBXGroup;
			children = (
				AF608CC52AC74A4200FD34CF /* NewJournalViewModel.swift */,
			);
			path = ViewModel;
			sourceTree = "<group>";
		};
		AF608CC62AC74A4200FD34CF /* Coordinator */ = {
			isa = PBXGroup;
			children = (
				AF608CC72AC74A4200FD34CF /* NewJournalMainCoordinator.swift */,
			);
			path = Coordinator;
			sourceTree = "<group>";
		};
		AF608CC82AC74A4200FD34CF /* Components */ = {
			isa = PBXGroup;
			children = (
				AF608CC92AC74A4200FD34CF /* PlaceholderTextView.swift */,
				AF608CCA2AC74A4200FD34CF /* ModalFeeling.swift */,
				AFF7A4682ACCEAB900B27949 /* TitleNewJournal.swift */,
				AF13E2E92AD0CEE800F2B82A /* TitleDateButton.swift */,
				AF13E2EB2AD0D0F800F2B82A /* ButtonBack.swift */,
				AF13E2ED2AD0E65300F2B82A /* ButtonModalFeelings.swift */,
				AF13E2EF2AD18D2D00F2B82A /* ButtonSave.swift */,
			);
			path = Components;
			sourceTree = "<group>";
		};
		AF608CCB2AC74A4200FD34CF /* View */ = {
			isa = PBXGroup;
			children = (
				AF608CCC2AC74A4200FD34CF /* NewJournalViewController.swift */,
				AF42548B2AC7703C00B103ED /* Fileapende.swift */,
			);
			path = View;
			sourceTree = "<group>";
		};
		AFE5B6FA2AD442950074D66B /* NewCustomTask */ = {
			isa = PBXGroup;
			children = (
				AFE5B6FE2AD442CE0074D66B /* ViewModel */,
				AFE5B6FD2AD442C60074D66B /* Coordinator */,
				AFE5B6FC2AD442B90074D66B /* Components */,
				AFE5B6FB2AD442A80074D66B /* View */,
			);
			path = NewCustomTask;
			sourceTree = "<group>";
		};
		AFE5B6FB2AD442A80074D66B /* View */ = {
			isa = PBXGroup;
			children = (
				AFE5B6FF2AD446490074D66B /* NewCustomTaskViewController.swift */,
			);
			path = View;
			sourceTree = "<group>";
		};
		AFE5B6FC2AD442B90074D66B /* Components */ = {
			isa = PBXGroup;
			children = (
				AFBD60A22AD616520003BEA9 /* TextViewDescription.swift */,
			);
			path = Components;
			sourceTree = "<group>";
		};
		AFE5B6FD2AD442C60074D66B /* Coordinator */ = {
			isa = PBXGroup;
			children = (
				AFE5B7012AD469CF0074D66B /* NewCustomCoordinator.swift */,
			);
			path = Coordinator;
			sourceTree = "<group>";
		};
		AFE5B6FE2AD442CE0074D66B /* ViewModel */ = {
			isa = PBXGroup;
			children = (
				AF5775CC2AD4766100E7714F /* NewCustomTaskViewViewModel.swift */,
			);
			path = ViewModel;
			sourceTree = "<group>";
		};
		E072737D2ACDF17B00866078 /* Coordinator */ = {
			isa = PBXGroup;
			children = (
				E072737E2ACDF17B00866078 /* HomeMainCoordinator.swift */,
			);
			path = Coordinator;
			sourceTree = "<group>";
		};
		E072737F2ACDF17B00866078 /* Support */ = {
			isa = PBXGroup;
			children = (
				E07273802ACDF17B00866078 /* CustomCell.swift */,
				E07273812ACDF17B00866078 /* HomeViewCollectionDelegate.swift */,
				E07273822ACDF17B00866078 /* CollectionSectionEnum.swift */,
				E07273832ACDF17B00866078 /* DateDelegateProtocol.swift */,
			);
			path = Support;
			sourceTree = "<group>";
		};
		E07273842ACDF17B00866078 /* CreateNewTask */ = {
			isa = PBXGroup;
			children = (
				E07273852ACDF17B00866078 /* ViewModel */,
				E07273872ACDF17B00866078 /* Coordinator */,
				E07273892ACDF17B00866078 /* View */,
			);
			path = CreateNewTask;
			sourceTree = "<group>";
		};
		E07273852ACDF17B00866078 /* ViewModel */ = {
			isa = PBXGroup;
			children = (
				E07273862ACDF17B00866078 /* CreateNewTaskViewModel.swift */,
			);
			path = ViewModel;
			sourceTree = "<group>";
		};
		E07273872ACDF17B00866078 /* Coordinator */ = {
			isa = PBXGroup;
			children = (
				E07273882ACDF17B00866078 /* CreateNewTaskCoordinator.swift */,
			);
			path = Coordinator;
			sourceTree = "<group>";
		};
		E07273892ACDF17B00866078 /* View */ = {
			isa = PBXGroup;
			children = (
				E072738A2ACDF17B00866078 /* CreateNewTaskViewController.swift */,
			);
			path = View;
			sourceTree = "<group>";
		};
		E072738B2ACDF17B00866078 /* ViewModel */ = {
			isa = PBXGroup;
			children = (
				E072738C2ACDF17B00866078 /* HomeViewModel.swift */,
			);
			path = ViewModel;
			sourceTree = "<group>";
		};
		E072738D2ACDF17B00866078 /* View */ = {
			isa = PBXGroup;
			children = (
				E072738E2ACDF17B00866078 /* CallendarPickerViewModal.swift */,
				E072738F2ACDF17B00866078 /* HomeViewController.swift */,
			);
			path = View;
			sourceTree = "<group>";
		};
		E0BBCFB12ABCB067008D71EE = {
			isa = PBXGroup;
			children = (
				E0BBCFBC2ABCB067008D71EE /* Mini02 */,
				E0BBCFD32ABCB068008D71EE /* Mini02Tests */,
				E0BBCFDD2ABCB068008D71EE /* Mini02UITests */,
				E0BBCFBB2ABCB067008D71EE /* Products */,
				981BBE422AC3748B003A4060 /* Recovered References */,
			);
			sourceTree = "<group>";
		};
		E0BBCFBB2ABCB067008D71EE /* Products */ = {
			isa = PBXGroup;
			children = (
				E0BBCFBA2ABCB067008D71EE /* Mini02.app */,
				E0BBCFD02ABCB068008D71EE /* Mini02Tests.xctest */,
				E0BBCFDA2ABCB068008D71EE /* Mini02UITests.xctest */,
			);
			name = Products;
			sourceTree = "<group>";
		};
		E0BBCFBC2ABCB067008D71EE /* Mini02 */ = {
			isa = PBXGroup;
			children = (
				98CB168E2ACCA498008C4B93 /* Fonts */,
				98BFF8482ACB2BA000F6D62E /* Extension */,
				98F17B3A2AC2126D00003DF3 /* Presentation */,
				984AEF8E2ABDEBCF003A838D /* Models */,
				984AEF832ABCD743003A838D /* DataModel */,
				E0BBCFEE2ABCB1E0008D71EE /* ViewControllers */,
				E0BBCFED2ABCB1D0008D71EE /* Support */,
				E0BBCFC62ABCB068008D71EE /* Assets.xcassets */,
				E0BBCFC82ABCB068008D71EE /* LaunchScreen.storyboard */,
				E0BBCFCB2ABCB068008D71EE /* Info.plist */,
				40842A362AD70FD900BB1243 /* Localizable.xcstrings */,
			);
			path = Mini02;
			sourceTree = "<group>";
		};
		E0BBCFD32ABCB068008D71EE /* Mini02Tests */ = {
			isa = PBXGroup;
			children = (
				E0BBCFD42ABCB068008D71EE /* Mini02Tests.swift */,
			);
			path = Mini02Tests;
			sourceTree = "<group>";
		};
		E0BBCFDD2ABCB068008D71EE /* Mini02UITests */ = {
			isa = PBXGroup;
			children = (
				E0BBCFDE2ABCB068008D71EE /* Mini02UITests.swift */,
				E0BBCFE02ABCB068008D71EE /* Mini02UITestsLaunchTests.swift */,
			);
			path = Mini02UITests;
			sourceTree = "<group>";
		};
		E0BBCFED2ABCB1D0008D71EE /* Support */ = {
			isa = PBXGroup;
			children = (
				984AEF892ABDE604003A838D /* Utils */,
				E0BBCFBD2ABCB067008D71EE /* AppDelegate.swift */,
				E0BBCFBF2ABCB067008D71EE /* SceneDelegate.swift */,
				984AEF872ABCE3E9003A838D /* AppMainCoordinator.swift */,
			);
			path = Support;
			sourceTree = "<group>";
		};
		E0BBCFEE2ABCB1E0008D71EE /* ViewControllers */ = {
			isa = PBXGroup;
			children = (
				E0BBCFF62ABCB304008D71EE /* TabView */,
				E0BBCFF12ABCB249008D71EE /* HomeView */,
				E0BBCFF02ABCB1FF008D71EE /* Statistic */,
				E0BBCFEF2ABCB1F8008D71EE /* Journal */,
			);
			path = ViewControllers;
			sourceTree = "<group>";
		};
		E0BBCFEF2ABCB1F8008D71EE /* Journal */ = {
			isa = PBXGroup;
			children = (
			);
			path = Journal;
			sourceTree = "<group>";
		};
		E0BBCFF02ABCB1FF008D71EE /* Statistic */ = {
			isa = PBXGroup;
			children = (
			);
			path = Statistic;
			sourceTree = "<group>";
		};
		E0BBCFF12ABCB249008D71EE /* HomeView */ = {
			isa = PBXGroup;
			children = (
			);
			path = HomeView;
			sourceTree = "<group>";
		};
		E0BBCFF62ABCB304008D71EE /* TabView */ = {
			isa = PBXGroup;
			children = (
				E0BBCFF92ABCB37C008D71EE /* TabBarController.swift */,
			);
			path = TabView;
			sourceTree = "<group>";
		};
/* End PBXGroup section */

/* Begin PBXNativeTarget section */
		E0BBCFB92ABCB067008D71EE /* Mini02 */ = {
			isa = PBXNativeTarget;
			buildConfigurationList = E0BBCFE42ABCB068008D71EE /* Build configuration list for PBXNativeTarget "Mini02" */;
			buildPhases = (
				E0BBCFB62ABCB067008D71EE /* Sources */,
				E0BBCFB72ABCB067008D71EE /* Frameworks */,
				E0BBCFB82ABCB067008D71EE /* Resources */,
			);
			buildRules = (
			);
			dependencies = (
			);
			name = Mini02;
			productName = Mini02;
			productReference = E0BBCFBA2ABCB067008D71EE /* Mini02.app */;
			productType = "com.apple.product-type.application";
		};
		E0BBCFCF2ABCB068008D71EE /* Mini02Tests */ = {
			isa = PBXNativeTarget;
			buildConfigurationList = E0BBCFE72ABCB068008D71EE /* Build configuration list for PBXNativeTarget "Mini02Tests" */;
			buildPhases = (
				E0BBCFCC2ABCB068008D71EE /* Sources */,
				E0BBCFCD2ABCB068008D71EE /* Frameworks */,
				E0BBCFCE2ABCB068008D71EE /* Resources */,
			);
			buildRules = (
			);
			dependencies = (
				E0BBCFD22ABCB068008D71EE /* PBXTargetDependency */,
			);
			name = Mini02Tests;
			productName = Mini02Tests;
			productReference = E0BBCFD02ABCB068008D71EE /* Mini02Tests.xctest */;
			productType = "com.apple.product-type.bundle.unit-test";
		};
		E0BBCFD92ABCB068008D71EE /* Mini02UITests */ = {
			isa = PBXNativeTarget;
			buildConfigurationList = E0BBCFEA2ABCB068008D71EE /* Build configuration list for PBXNativeTarget "Mini02UITests" */;
			buildPhases = (
				E0BBCFD62ABCB068008D71EE /* Sources */,
				E0BBCFD72ABCB068008D71EE /* Frameworks */,
				E0BBCFD82ABCB068008D71EE /* Resources */,
			);
			buildRules = (
			);
			dependencies = (
				E0BBCFDC2ABCB068008D71EE /* PBXTargetDependency */,
			);
			name = Mini02UITests;
			productName = Mini02UITests;
			productReference = E0BBCFDA2ABCB068008D71EE /* Mini02UITests.xctest */;
			productType = "com.apple.product-type.bundle.ui-testing";
		};
/* End PBXNativeTarget section */

/* Begin PBXProject section */
		E0BBCFB22ABCB067008D71EE /* Project object */ = {
			isa = PBXProject;
			attributes = {
				BuildIndependentTargetsInParallel = 1;
				LastSwiftUpdateCheck = 1500;
				LastUpgradeCheck = 1500;
				TargetAttributes = {
					E0BBCFB92ABCB067008D71EE = {
						CreatedOnToolsVersion = 15.0;
					};
					E0BBCFCF2ABCB068008D71EE = {
						CreatedOnToolsVersion = 15.0;
						TestTargetID = E0BBCFB92ABCB067008D71EE;
					};
					E0BBCFD92ABCB068008D71EE = {
						CreatedOnToolsVersion = 15.0;
						TestTargetID = E0BBCFB92ABCB067008D71EE;
					};
				};
			};
			buildConfigurationList = E0BBCFB52ABCB067008D71EE /* Build configuration list for PBXProject "Mini02" */;
			compatibilityVersion = "Xcode 14.0";
			developmentRegion = "pt-BR";
			hasScannedForEncodings = 0;
			knownRegions = (
				en,
				Base,
				"pt-BR",
			);
			mainGroup = E0BBCFB12ABCB067008D71EE;
			productRefGroup = E0BBCFBB2ABCB067008D71EE /* Products */;
			projectDirPath = "";
			projectRoot = "";
			targets = (
				E0BBCFB92ABCB067008D71EE /* Mini02 */,
				E0BBCFCF2ABCB068008D71EE /* Mini02Tests */,
				E0BBCFD92ABCB068008D71EE /* Mini02UITests */,
			);
		};
/* End PBXProject section */

/* Begin PBXResourcesBuildPhase section */
		E0BBCFB82ABCB067008D71EE /* Resources */ = {
			isa = PBXResourcesBuildPhase;
			buildActionMask = 2147483647;
			files = (
				98CB16B82ACCA4CF008C4B93 /* OFL.txt in Resources */,
				98CB16AD2ACCA4CF008C4B93 /* Nunito-Regular.ttf in Resources */,
				40842A372AD70FD900BB1243 /* Localizable.xcstrings in Resources */,
				98CB16B52ACCA4CF008C4B93 /* Nunito-Italic.ttf in Resources */,
				98CB16B12ACCA4CF008C4B93 /* Nunito-Black.ttf in Resources */,
				98CB16A72ACCA4CF008C4B93 /* Nunito-VariableFont_wght.ttf in Resources */,
				98CB16902ACCA49D008C4B93 /* Nunito.zip in Resources */,
				98CB16BA2ACCA4CF008C4B93 /* README.txt in Resources */,
				98CB16B32ACCA4CF008C4B93 /* Nunito-SemiBoldItalic.ttf in Resources */,
				98CB16AC2ACCA4CF008C4B93 /* Nunito-Light.ttf in Resources */,
				E0BBCFCA2ABCB068008D71EE /* LaunchScreen.storyboard in Resources */,
				98CB16B72ACCA4CF008C4B93 /* Nunito-MediumItalic.ttf in Resources */,
				98CB16B92ACCA4CF008C4B93 /* Nunito-Italic-VariableFont_wght.ttf in Resources */,
				98CB16AE2ACCA4CF008C4B93 /* Nunito-SemiBold.ttf in Resources */,
				98CB16AB2ACCA4CF008C4B93 /* Nunito-ExtraLightItalic.ttf in Resources */,
				E0BBCFC72ABCB068008D71EE /* Assets.xcassets in Resources */,
				98CB16B22ACCA4CF008C4B93 /* Nunito-ExtraLight.ttf in Resources */,
				98CB16A82ACCA4CF008C4B93 /* Nunito-Medium.ttf in Resources */,
				98CB16B42ACCA4CF008C4B93 /* Nunito-BlackItalic.ttf in Resources */,
				98CB16A92ACCA4CF008C4B93 /* Nunito-ExtraBoldItalic.ttf in Resources */,
				98CB16AF2ACCA4CF008C4B93 /* Nunito-Bold.ttf in Resources */,
				98CB16AA2ACCA4CF008C4B93 /* Nunito-ExtraBold.ttf in Resources */,
				98CB16B62ACCA4CF008C4B93 /* Nunito-LightItalic.ttf in Resources */,
				98CB16B02ACCA4CF008C4B93 /* Nunito-BoldItalic.ttf in Resources */,
			);
			runOnlyForDeploymentPostprocessing = 0;
		};
		E0BBCFCE2ABCB068008D71EE /* Resources */ = {
			isa = PBXResourcesBuildPhase;
			buildActionMask = 2147483647;
			files = (
			);
			runOnlyForDeploymentPostprocessing = 0;
		};
		E0BBCFD82ABCB068008D71EE /* Resources */ = {
			isa = PBXResourcesBuildPhase;
			buildActionMask = 2147483647;
			files = (
			);
			runOnlyForDeploymentPostprocessing = 0;
		};
/* End PBXResourcesBuildPhase section */

/* Begin PBXSourcesBuildPhase section */
		E0BBCFB62ABCB067008D71EE /* Sources */ = {
			isa = PBXSourcesBuildPhase;
			buildActionMask = 2147483647;
			files = (
				E07273992ACDF17B00866078 /* CallendarPickerViewModal.swift in Sources */,
				E07273942ACDF17B00866078 /* DateDelegateProtocol.swift in Sources */,
				40D9187B2ACF3C60001C0673 /* SecondaryTableViewCell.swift in Sources */,
				98BFF8472ACB18A600F6D62E /* UIFont.swift in Sources */,
				98F17B652AC356E700003DF3 /* FeelingSeeder.swift in Sources */,
				4041E4FC2ACB59640043950F /* FeelingBoxView.swift in Sources */,
				AF13E2F02AD18D2D00F2B82A /* ButtonSave.swift in Sources */,
				E07273962ACDF17B00866078 /* CreateNewTaskCoordinator.swift in Sources */,
				983D04672AC4B35000674517 /* FeelingViewer.swift in Sources */,
				E0BBCFF32ABCB2BE008D71EE /* StatisticViewController.swift in Sources */,
				AF13E2EC2AD0D0F800F2B82A /* ButtonBack.swift in Sources */,
				98F17B442AC2133300003DF3 /* Coordinator.swift in Sources */,
				AF6B2C7A2ACDE94D004663E2 /* NewJournalMainCoordinator.swift in Sources */,
				98D2154D2AD245DA00524ADC /* Feeling.swift in Sources */,
				984AEF882ABCE3E9003A838D /* AppMainCoordinator.swift in Sources */,
				40CA77872AC3534D00DF3FAD /* Label.swift in Sources */,
				E0BBCFBE2ABCB067008D71EE /* AppDelegate.swift in Sources */,
				AF6B2C7D2ACDE9A0004663E2 /* PlaceholderTextView.swift in Sources */,
				AFE5B7022AD469CF0074D66B /* NewCustomCoordinator.swift in Sources */,
				984AEF902ABDEBD9003A838D /* Task.swift in Sources */,
				AF5775CD2AD4766100E7714F /* NewCustomTaskViewViewModel.swift in Sources */,
				98482AB12ACF5CFB00C1314D /* Observable.swift in Sources */,
				98F17B5F2AC337F900003DF3 /* DifficultySeeder.swift in Sources */,
				984AEF8B2ABDE611003A838D /* MVVMCView.swift in Sources */,
				98F17B612AC343F300003DF3 /* SeederManager.swift in Sources */,
				E07273A22ACDFD5400866078 /* HomeViewCellDifficulty.swift in Sources */,
				E072739A2ACDF17B00866078 /* HomeViewController.swift in Sources */,
				AF13E2EA2AD0CEE800F2B82A /* TitleDateButton.swift in Sources */,
				980613592AC5FB4700B62D22 /* Image.swift in Sources */,
				98F17B552AC219BC00003DF3 /* StatisticMainCoordinator.swift in Sources */,
				E0DA9A392AD5AF5F0012090D /* JournalList.swift in Sources */,
				98F17B5A2AC323C700003DF3 /* User.swift in Sources */,
				98F17B692AC35B1500003DF3 /* DifficultyLevel.swift in Sources */,
				98D215452AD06AF000524ADC /* DatePicker.swift in Sources */,
				40CA778A2AC36FD100DF3FAD /* Stack.swift in Sources */,
				E07273932ACDF17B00866078 /* CollectionSectionEnum.swift in Sources */,
				98F17B4C2AC214AD00003DF3 /* JournalViewModel.swift in Sources */,
				98F17B5D2AC32B1100003DF3 /* Seeder.swift in Sources */,
				E0DA9A382AD5AF5F0012090D /* GoalComponent.swift in Sources */,
				AF13E2EE2AD0E65300F2B82A /* ButtonModalFeelings.swift in Sources */,
				40D918792ACF3C48001C0673 /* PrimaryTableViewCell.swift in Sources */,
				984AEF8D2ABDE63D003A838D /* ModelView.swift in Sources */,
				984AEF822ABCCC14003A838D /* DataModel.xcdatamodeld in Sources */,
				E0DA9A3C2AD5AF5F0012090D /* NewJournalButton.swift in Sources */,
				E07273712ACDF0FD00866078 /* DateToString.swift in Sources */,
				40CA777F2AC3486900DF3FAD /* StatisticBoxView.swift in Sources */,
				AFF7A4692ACCEAB900B27949 /* TitleNewJournal.swift in Sources */,
				AFBD60A32AD616520003BEA9 /* TextViewDescription.swift in Sources */,
				98F17B482AC2146B00003DF3 /* JournalMainCoordinator.swift in Sources */,
				E0BBCFFA2ABCB37C008D71EE /* TabBarController.swift in Sources */,
				98F17B672AC3589C00003DF3 /* TaskSeeder.swift in Sources */,
				E07273922ACDF17B00866078 /* HomeViewCollectionDelegate.swift in Sources */,
				E07273972ACDF17B00866078 /* CreateNewTaskViewController.swift in Sources */,
				AF6B2C7E2ACDE9AA004663E2 /* ModalFeeling.swift in Sources */,
				98F17B632AC3542C00003DF3 /* DiscomfortSeeder.swift in Sources */,
				E0DA9A3A2AD5AF5F0012090D /* JournalListCollectionViewCell.swift in Sources */,
				40CA777D2AC345B400DF3FAD /* HeaderView.swift in Sources */,
				E0DA9A3B2AD5AF5F0012090D /* JournalListTitle.swift in Sources */,
				E07273952ACDF17B00866078 /* CreateNewTaskViewModel.swift in Sources */,
				E07273902ACDF17B00866078 /* HomeMainCoordinator.swift in Sources */,
				E0DA9A3E2AD5AF5F0012090D /* JournalListHeader.swift in Sources */,
				40842A352AD62AD000BB1243 /* HapticsConfig.swift in Sources */,
				983D045D2AC49C2100674517 /* Stack.swift in Sources */,
				983D045B2AC499CF00674517 /* Button.swift in Sources */,
				E0DA9A3D2AD5AF5F0012090D /* JournalListCollectionView.swift in Sources */,
				984AEF852ABCD750003A838D /* DataController.swift in Sources */,
				E0BBCFC02ABCB067008D71EE /* SceneDelegate.swift in Sources */,
				E0BBCFF52ABCB2CD008D71EE /* JournalViewController.swift in Sources */,
				E07273982ACDF17B00866078 /* HomeViewModel.swift in Sources */,
				98482AAD2ACF332900C1314D /* ActiveTask.swift in Sources */,
				AF6B2C7C2ACDE974004663E2 /* NewJournalViewController.swift in Sources */,
				E07273A42ACE055200866078 /* HomeViewCellCheckButton.swift in Sources */,
				98D2154B2AD244A700524ADC /* Journal.swift in Sources */,
				98F17B532AC2199500003DF3 /* StatisticsViewModel.swift in Sources */,
				E07273912ACDF17B00866078 /* CustomCell.swift in Sources */,
				AF6B2C7B2ACDE96C004663E2 /* NewJournalViewModel.swift in Sources */,
				AFE5B7002AD446490074D66B /* NewCustomTaskViewController.swift in Sources */,
			);
			runOnlyForDeploymentPostprocessing = 0;
		};
		E0BBCFCC2ABCB068008D71EE /* Sources */ = {
			isa = PBXSourcesBuildPhase;
			buildActionMask = 2147483647;
			files = (
				E0BBCFD52ABCB068008D71EE /* Mini02Tests.swift in Sources */,
			);
			runOnlyForDeploymentPostprocessing = 0;
		};
		E0BBCFD62ABCB068008D71EE /* Sources */ = {
			isa = PBXSourcesBuildPhase;
			buildActionMask = 2147483647;
			files = (
				E0BBCFDF2ABCB068008D71EE /* Mini02UITests.swift in Sources */,
				E0BBCFE12ABCB068008D71EE /* Mini02UITestsLaunchTests.swift in Sources */,
			);
			runOnlyForDeploymentPostprocessing = 0;
		};
/* End PBXSourcesBuildPhase section */

/* Begin PBXTargetDependency section */
		E0BBCFD22ABCB068008D71EE /* PBXTargetDependency */ = {
			isa = PBXTargetDependency;
			target = E0BBCFB92ABCB067008D71EE /* Mini02 */;
			targetProxy = E0BBCFD12ABCB068008D71EE /* PBXContainerItemProxy */;
		};
		E0BBCFDC2ABCB068008D71EE /* PBXTargetDependency */ = {
			isa = PBXTargetDependency;
			target = E0BBCFB92ABCB067008D71EE /* Mini02 */;
			targetProxy = E0BBCFDB2ABCB068008D71EE /* PBXContainerItemProxy */;
		};
/* End PBXTargetDependency section */

/* Begin PBXVariantGroup section */
		E0BBCFC82ABCB068008D71EE /* LaunchScreen.storyboard */ = {
			isa = PBXVariantGroup;
			children = (
				E0BBCFC92ABCB068008D71EE /* Base */,
			);
			name = LaunchScreen.storyboard;
			sourceTree = "<group>";
		};
/* End PBXVariantGroup section */

/* Begin XCBuildConfiguration section */
		E0BBCFE22ABCB068008D71EE /* Debug */ = {
			isa = XCBuildConfiguration;
			buildSettings = {
				ALWAYS_SEARCH_USER_PATHS = NO;
				ASSETCATALOG_COMPILER_GENERATE_SWIFT_ASSET_SYMBOL_EXTENSIONS = YES;
				CLANG_ANALYZER_NONNULL = YES;
				CLANG_ANALYZER_NUMBER_OBJECT_CONVERSION = YES_AGGRESSIVE;
				CLANG_CXX_LANGUAGE_STANDARD = "gnu++20";
				CLANG_ENABLE_MODULES = YES;
				CLANG_ENABLE_OBJC_ARC = YES;
				CLANG_ENABLE_OBJC_WEAK = YES;
				CLANG_WARN_BLOCK_CAPTURE_AUTORELEASING = YES;
				CLANG_WARN_BOOL_CONVERSION = YES;
				CLANG_WARN_COMMA = YES;
				CLANG_WARN_CONSTANT_CONVERSION = YES;
				CLANG_WARN_DEPRECATED_OBJC_IMPLEMENTATIONS = YES;
				CLANG_WARN_DIRECT_OBJC_ISA_USAGE = YES_ERROR;
				CLANG_WARN_DOCUMENTATION_COMMENTS = YES;
				CLANG_WARN_EMPTY_BODY = YES;
				CLANG_WARN_ENUM_CONVERSION = YES;
				CLANG_WARN_INFINITE_RECURSION = YES;
				CLANG_WARN_INT_CONVERSION = YES;
				CLANG_WARN_NON_LITERAL_NULL_CONVERSION = YES;
				CLANG_WARN_OBJC_IMPLICIT_RETAIN_SELF = YES;
				CLANG_WARN_OBJC_LITERAL_CONVERSION = YES;
				CLANG_WARN_OBJC_ROOT_CLASS = YES_ERROR;
				CLANG_WARN_QUOTED_INCLUDE_IN_FRAMEWORK_HEADER = YES;
				CLANG_WARN_RANGE_LOOP_ANALYSIS = YES;
				CLANG_WARN_STRICT_PROTOTYPES = YES;
				CLANG_WARN_SUSPICIOUS_MOVE = YES;
				CLANG_WARN_UNGUARDED_AVAILABILITY = YES_AGGRESSIVE;
				CLANG_WARN_UNREACHABLE_CODE = YES;
				CLANG_WARN__DUPLICATE_METHOD_MATCH = YES;
				COPY_PHASE_STRIP = NO;
				DEBUG_INFORMATION_FORMAT = dwarf;
				ENABLE_STRICT_OBJC_MSGSEND = YES;
				ENABLE_TESTABILITY = YES;
				ENABLE_USER_SCRIPT_SANDBOXING = YES;
				GCC_C_LANGUAGE_STANDARD = gnu17;
				GCC_DYNAMIC_NO_PIC = NO;
				GCC_NO_COMMON_BLOCKS = YES;
				GCC_OPTIMIZATION_LEVEL = 0;
				GCC_PREPROCESSOR_DEFINITIONS = (
					"DEBUG=1",
					"$(inherited)",
				);
				GCC_WARN_64_TO_32_BIT_CONVERSION = YES;
				GCC_WARN_ABOUT_RETURN_TYPE = YES_ERROR;
				GCC_WARN_UNDECLARED_SELECTOR = YES;
				GCC_WARN_UNINITIALIZED_AUTOS = YES_AGGRESSIVE;
				GCC_WARN_UNUSED_FUNCTION = YES;
				GCC_WARN_UNUSED_VARIABLE = YES;
				IPHONEOS_DEPLOYMENT_TARGET = 17.0;
				LOCALIZATION_PREFERS_STRING_CATALOGS = YES;
				MTL_ENABLE_DEBUG_INFO = INCLUDE_SOURCE;
				MTL_FAST_MATH = YES;
				ONLY_ACTIVE_ARCH = YES;
				SDKROOT = iphoneos;
				SWIFT_ACTIVE_COMPILATION_CONDITIONS = "DEBUG $(inherited)";
				SWIFT_OPTIMIZATION_LEVEL = "-Onone";
			};
			name = Debug;
		};
		E0BBCFE32ABCB068008D71EE /* Release */ = {
			isa = XCBuildConfiguration;
			buildSettings = {
				ALWAYS_SEARCH_USER_PATHS = NO;
				ASSETCATALOG_COMPILER_GENERATE_SWIFT_ASSET_SYMBOL_EXTENSIONS = YES;
				CLANG_ANALYZER_NONNULL = YES;
				CLANG_ANALYZER_NUMBER_OBJECT_CONVERSION = YES_AGGRESSIVE;
				CLANG_CXX_LANGUAGE_STANDARD = "gnu++20";
				CLANG_ENABLE_MODULES = YES;
				CLANG_ENABLE_OBJC_ARC = YES;
				CLANG_ENABLE_OBJC_WEAK = YES;
				CLANG_WARN_BLOCK_CAPTURE_AUTORELEASING = YES;
				CLANG_WARN_BOOL_CONVERSION = YES;
				CLANG_WARN_COMMA = YES;
				CLANG_WARN_CONSTANT_CONVERSION = YES;
				CLANG_WARN_DEPRECATED_OBJC_IMPLEMENTATIONS = YES;
				CLANG_WARN_DIRECT_OBJC_ISA_USAGE = YES_ERROR;
				CLANG_WARN_DOCUMENTATION_COMMENTS = YES;
				CLANG_WARN_EMPTY_BODY = YES;
				CLANG_WARN_ENUM_CONVERSION = YES;
				CLANG_WARN_INFINITE_RECURSION = YES;
				CLANG_WARN_INT_CONVERSION = YES;
				CLANG_WARN_NON_LITERAL_NULL_CONVERSION = YES;
				CLANG_WARN_OBJC_IMPLICIT_RETAIN_SELF = YES;
				CLANG_WARN_OBJC_LITERAL_CONVERSION = YES;
				CLANG_WARN_OBJC_ROOT_CLASS = YES_ERROR;
				CLANG_WARN_QUOTED_INCLUDE_IN_FRAMEWORK_HEADER = YES;
				CLANG_WARN_RANGE_LOOP_ANALYSIS = YES;
				CLANG_WARN_STRICT_PROTOTYPES = YES;
				CLANG_WARN_SUSPICIOUS_MOVE = YES;
				CLANG_WARN_UNGUARDED_AVAILABILITY = YES_AGGRESSIVE;
				CLANG_WARN_UNREACHABLE_CODE = YES;
				CLANG_WARN__DUPLICATE_METHOD_MATCH = YES;
				COPY_PHASE_STRIP = NO;
				DEBUG_INFORMATION_FORMAT = "dwarf-with-dsym";
				ENABLE_NS_ASSERTIONS = NO;
				ENABLE_STRICT_OBJC_MSGSEND = YES;
				ENABLE_USER_SCRIPT_SANDBOXING = YES;
				GCC_C_LANGUAGE_STANDARD = gnu17;
				GCC_NO_COMMON_BLOCKS = YES;
				GCC_WARN_64_TO_32_BIT_CONVERSION = YES;
				GCC_WARN_ABOUT_RETURN_TYPE = YES_ERROR;
				GCC_WARN_UNDECLARED_SELECTOR = YES;
				GCC_WARN_UNINITIALIZED_AUTOS = YES_AGGRESSIVE;
				GCC_WARN_UNUSED_FUNCTION = YES;
				GCC_WARN_UNUSED_VARIABLE = YES;
				IPHONEOS_DEPLOYMENT_TARGET = 17.0;
				LOCALIZATION_PREFERS_STRING_CATALOGS = YES;
				MTL_ENABLE_DEBUG_INFO = NO;
				MTL_FAST_MATH = YES;
				SDKROOT = iphoneos;
				SWIFT_COMPILATION_MODE = wholemodule;
				VALIDATE_PRODUCT = YES;
			};
			name = Release;
		};
		E0BBCFE52ABCB068008D71EE /* Debug */ = {
			isa = XCBuildConfiguration;
			buildSettings = {
				ASSETCATALOG_COMPILER_APPICON_NAME = AppIcon;
				ASSETCATALOG_COMPILER_GLOBAL_ACCENT_COLOR_NAME = AccentColor;
				CODE_SIGN_STYLE = Automatic;
				CURRENT_PROJECT_VERSION = 1;
				DEVELOPMENT_TEAM = 5Y55P884H9;
				GENERATE_INFOPLIST_FILE = YES;
				INFOPLIST_FILE = Mini02/Info.plist;
				INFOPLIST_KEY_UIApplicationSupportsIndirectInputEvents = YES;
				INFOPLIST_KEY_UILaunchStoryboardName = LaunchScreen;
				INFOPLIST_KEY_UISupportedInterfaceOrientations_iPad = "UIInterfaceOrientationPortrait UIInterfaceOrientationPortraitUpsideDown UIInterfaceOrientationLandscapeLeft UIInterfaceOrientationLandscapeRight";
				INFOPLIST_KEY_UISupportedInterfaceOrientations_iPhone = "UIInterfaceOrientationPortrait UIInterfaceOrientationLandscapeLeft UIInterfaceOrientationLandscapeRight";
				LD_RUNPATH_SEARCH_PATHS = (
					"$(inherited)",
					"@executable_path/Frameworks",
				);
				MARKETING_VERSION = 1.0;
				PRODUCT_BUNDLE_IDENTIFIER = Uikit.Mini02;
				PRODUCT_NAME = "$(TARGET_NAME)";
				SWIFT_EMIT_LOC_STRINGS = YES;
				SWIFT_VERSION = 5.0;
				TARGETED_DEVICE_FAMILY = "1,2";
			};
			name = Debug;
		};
		E0BBCFE62ABCB068008D71EE /* Release */ = {
			isa = XCBuildConfiguration;
			buildSettings = {
				ASSETCATALOG_COMPILER_APPICON_NAME = AppIcon;
				ASSETCATALOG_COMPILER_GLOBAL_ACCENT_COLOR_NAME = AccentColor;
				CODE_SIGN_STYLE = Automatic;
				CURRENT_PROJECT_VERSION = 1;
				DEVELOPMENT_TEAM = 5Y55P884H9;
				GENERATE_INFOPLIST_FILE = YES;
				INFOPLIST_FILE = Mini02/Info.plist;
				INFOPLIST_KEY_UIApplicationSupportsIndirectInputEvents = YES;
				INFOPLIST_KEY_UILaunchStoryboardName = LaunchScreen;
				INFOPLIST_KEY_UISupportedInterfaceOrientations_iPad = "UIInterfaceOrientationPortrait UIInterfaceOrientationPortraitUpsideDown UIInterfaceOrientationLandscapeLeft UIInterfaceOrientationLandscapeRight";
				INFOPLIST_KEY_UISupportedInterfaceOrientations_iPhone = "UIInterfaceOrientationPortrait UIInterfaceOrientationLandscapeLeft UIInterfaceOrientationLandscapeRight";
				LD_RUNPATH_SEARCH_PATHS = (
					"$(inherited)",
					"@executable_path/Frameworks",
				);
				MARKETING_VERSION = 1.0;
				PRODUCT_BUNDLE_IDENTIFIER = Uikit.Mini02;
				PRODUCT_NAME = "$(TARGET_NAME)";
				SWIFT_EMIT_LOC_STRINGS = YES;
				SWIFT_VERSION = 5.0;
				TARGETED_DEVICE_FAMILY = "1,2";
			};
			name = Release;
		};
		E0BBCFE82ABCB068008D71EE /* Debug */ = {
			isa = XCBuildConfiguration;
			buildSettings = {
				ALWAYS_EMBED_SWIFT_STANDARD_LIBRARIES = YES;
				BUNDLE_LOADER = "$(TEST_HOST)";
				CODE_SIGN_STYLE = Automatic;
				CURRENT_PROJECT_VERSION = 1;
				DEVELOPMENT_TEAM = SRXHT55569;
				GENERATE_INFOPLIST_FILE = YES;
				IPHONEOS_DEPLOYMENT_TARGET = 17.0;
				MARKETING_VERSION = 1.0;
				PRODUCT_BUNDLE_IDENTIFIER = Uikit.Mini02Tests;
				PRODUCT_NAME = "$(TARGET_NAME)";
				SWIFT_EMIT_LOC_STRINGS = NO;
				SWIFT_VERSION = 5.0;
				TARGETED_DEVICE_FAMILY = "1,2";
				TEST_HOST = "$(BUILT_PRODUCTS_DIR)/Mini02.app/$(BUNDLE_EXECUTABLE_FOLDER_PATH)/Mini02";
			};
			name = Debug;
		};
		E0BBCFE92ABCB068008D71EE /* Release */ = {
			isa = XCBuildConfiguration;
			buildSettings = {
				ALWAYS_EMBED_SWIFT_STANDARD_LIBRARIES = YES;
				BUNDLE_LOADER = "$(TEST_HOST)";
				CODE_SIGN_STYLE = Automatic;
				CURRENT_PROJECT_VERSION = 1;
				DEVELOPMENT_TEAM = SRXHT55569;
				GENERATE_INFOPLIST_FILE = YES;
				IPHONEOS_DEPLOYMENT_TARGET = 17.0;
				MARKETING_VERSION = 1.0;
				PRODUCT_BUNDLE_IDENTIFIER = Uikit.Mini02Tests;
				PRODUCT_NAME = "$(TARGET_NAME)";
				SWIFT_EMIT_LOC_STRINGS = NO;
				SWIFT_VERSION = 5.0;
				TARGETED_DEVICE_FAMILY = "1,2";
				TEST_HOST = "$(BUILT_PRODUCTS_DIR)/Mini02.app/$(BUNDLE_EXECUTABLE_FOLDER_PATH)/Mini02";
			};
			name = Release;
		};
		E0BBCFEB2ABCB068008D71EE /* Debug */ = {
			isa = XCBuildConfiguration;
			buildSettings = {
				ALWAYS_EMBED_SWIFT_STANDARD_LIBRARIES = YES;
				CODE_SIGN_STYLE = Automatic;
				CURRENT_PROJECT_VERSION = 1;
				DEVELOPMENT_TEAM = SRXHT55569;
				GENERATE_INFOPLIST_FILE = YES;
				MARKETING_VERSION = 1.0;
				PRODUCT_BUNDLE_IDENTIFIER = Uikit.Mini02UITests;
				PRODUCT_NAME = "$(TARGET_NAME)";
				SWIFT_EMIT_LOC_STRINGS = NO;
				SWIFT_VERSION = 5.0;
				TARGETED_DEVICE_FAMILY = "1,2";
				TEST_TARGET_NAME = Mini02;
			};
			name = Debug;
		};
		E0BBCFEC2ABCB068008D71EE /* Release */ = {
			isa = XCBuildConfiguration;
			buildSettings = {
				ALWAYS_EMBED_SWIFT_STANDARD_LIBRARIES = YES;
				CODE_SIGN_STYLE = Automatic;
				CURRENT_PROJECT_VERSION = 1;
				DEVELOPMENT_TEAM = SRXHT55569;
				GENERATE_INFOPLIST_FILE = YES;
				MARKETING_VERSION = 1.0;
				PRODUCT_BUNDLE_IDENTIFIER = Uikit.Mini02UITests;
				PRODUCT_NAME = "$(TARGET_NAME)";
				SWIFT_EMIT_LOC_STRINGS = NO;
				SWIFT_VERSION = 5.0;
				TARGETED_DEVICE_FAMILY = "1,2";
				TEST_TARGET_NAME = Mini02;
			};
			name = Release;
		};
/* End XCBuildConfiguration section */

/* Begin XCConfigurationList section */
		E0BBCFB52ABCB067008D71EE /* Build configuration list for PBXProject "Mini02" */ = {
			isa = XCConfigurationList;
			buildConfigurations = (
				E0BBCFE22ABCB068008D71EE /* Debug */,
				E0BBCFE32ABCB068008D71EE /* Release */,
			);
			defaultConfigurationIsVisible = 0;
			defaultConfigurationName = Release;
		};
		E0BBCFE42ABCB068008D71EE /* Build configuration list for PBXNativeTarget "Mini02" */ = {
			isa = XCConfigurationList;
			buildConfigurations = (
				E0BBCFE52ABCB068008D71EE /* Debug */,
				E0BBCFE62ABCB068008D71EE /* Release */,
			);
			defaultConfigurationIsVisible = 0;
			defaultConfigurationName = Release;
		};
		E0BBCFE72ABCB068008D71EE /* Build configuration list for PBXNativeTarget "Mini02Tests" */ = {
			isa = XCConfigurationList;
			buildConfigurations = (
				E0BBCFE82ABCB068008D71EE /* Debug */,
				E0BBCFE92ABCB068008D71EE /* Release */,
			);
			defaultConfigurationIsVisible = 0;
			defaultConfigurationName = Release;
		};
		E0BBCFEA2ABCB068008D71EE /* Build configuration list for PBXNativeTarget "Mini02UITests" */ = {
			isa = XCConfigurationList;
			buildConfigurations = (
				E0BBCFEB2ABCB068008D71EE /* Debug */,
				E0BBCFEC2ABCB068008D71EE /* Release */,
			);
			defaultConfigurationIsVisible = 0;
			defaultConfigurationName = Release;
		};
/* End XCConfigurationList section */

/* Begin XCVersionGroup section */
		984AEF802ABCCC14003A838D /* DataModel.xcdatamodeld */ = {
			isa = XCVersionGroup;
			children = (
				984AEF812ABCCC14003A838D /* DataModel.xcdatamodel */,
			);
			currentVersion = 984AEF812ABCCC14003A838D /* DataModel.xcdatamodel */;
			path = DataModel.xcdatamodeld;
			sourceTree = "<group>";
			versionGroupType = wrapper.xcdatamodel;
		};
/* End XCVersionGroup section */
	};
	rootObject = E0BBCFB22ABCB067008D71EE /* Project object */;
}
