// !$*UTF8*$!
{
	archiveVersion = 1;
	classes = {
	};
	objectVersion = 56;
	objects = {

/* Begin PBXBuildFile section */
		40CA777D2AC345B400DF3FAD /* HeaderView.swift in Sources */ = {isa = PBXBuildFile; fileRef = 40CA777C2AC345B400DF3FAD /* HeaderView.swift */; };
		40CA777F2AC3486900DF3FAD /* StatisticBoxView.swift in Sources */ = {isa = PBXBuildFile; fileRef = 40CA777E2AC3486900DF3FAD /* StatisticBoxView.swift */; };
		40CA77872AC3534D00DF3FAD /* Label.swift in Sources */ = {isa = PBXBuildFile; fileRef = 40CA77862AC3534D00DF3FAD /* Label.swift */; };
		984AEF822ABCCC14003A838D /* DataModel.xcdatamodeld in Sources */ = {isa = PBXBuildFile; fileRef = 984AEF802ABCCC14003A838D /* DataModel.xcdatamodeld */; };
		984AEF852ABCD750003A838D /* DataController.swift in Sources */ = {isa = PBXBuildFile; fileRef = 984AEF842ABCD750003A838D /* DataController.swift */; };
		984AEF882ABCE3E9003A838D /* AppMainCoordinator.swift in Sources */ = {isa = PBXBuildFile; fileRef = 984AEF872ABCE3E9003A838D /* AppMainCoordinator.swift */; };
		984AEF8B2ABDE611003A838D /* MVVMCView.swift in Sources */ = {isa = PBXBuildFile; fileRef = 984AEF8A2ABDE611003A838D /* MVVMCView.swift */; };
		984AEF8D2ABDE63D003A838D /* ModelView.swift in Sources */ = {isa = PBXBuildFile; fileRef = 984AEF8C2ABDE63D003A838D /* ModelView.swift */; };
		984AEF902ABDEBD9003A838D /* Task.swift in Sources */ = {isa = PBXBuildFile; fileRef = 984AEF8F2ABDEBD9003A838D /* Task.swift */; };
		98F17B402AC212E000003DF3 /* HomeViewModel.swift in Sources */ = {isa = PBXBuildFile; fileRef = 98F17B3F2AC212E000003DF3 /* HomeViewModel.swift */; };
		98F17B422AC2130D00003DF3 /* HomeMainCoordinator.swift in Sources */ = {isa = PBXBuildFile; fileRef = 98F17B412AC2130D00003DF3 /* HomeMainCoordinator.swift */; };
		98F17B442AC2133300003DF3 /* Coordinator.swift in Sources */ = {isa = PBXBuildFile; fileRef = 98F17B432AC2133300003DF3 /* Coordinator.swift */; };
		98F17B482AC2146B00003DF3 /* JournalMainCoordinator.swift in Sources */ = {isa = PBXBuildFile; fileRef = 98F17B472AC2146B00003DF3 /* JournalMainCoordinator.swift */; };
		98F17B4C2AC214AD00003DF3 /* JournalViewModel.swift in Sources */ = {isa = PBXBuildFile; fileRef = 98F17B4B2AC214AD00003DF3 /* JournalViewModel.swift */; };
		98F17B532AC2199500003DF3 /* StatisticsViewModel.swift in Sources */ = {isa = PBXBuildFile; fileRef = 98F17B522AC2199500003DF3 /* StatisticsViewModel.swift */; };
		98F17B552AC219BC00003DF3 /* StatisticMainCoordinator.swift in Sources */ = {isa = PBXBuildFile; fileRef = 98F17B542AC219BC00003DF3 /* StatisticMainCoordinator.swift */; };
		98F17B5A2AC323C700003DF3 /* User.swift in Sources */ = {isa = PBXBuildFile; fileRef = 98F17B592AC323C700003DF3 /* User.swift */; };
		98F17B5D2AC32B1100003DF3 /* Seeder.swift in Sources */ = {isa = PBXBuildFile; fileRef = 98F17B5C2AC32B1100003DF3 /* Seeder.swift */; };
		98F17B5F2AC337F900003DF3 /* DifficultySeeder.swift in Sources */ = {isa = PBXBuildFile; fileRef = 98F17B5E2AC337F900003DF3 /* DifficultySeeder.swift */; };
		98F17B612AC343F300003DF3 /* SeederManager.swift in Sources */ = {isa = PBXBuildFile; fileRef = 98F17B602AC343F300003DF3 /* SeederManager.swift */; };
		98F17B632AC3542C00003DF3 /* DiscomfortSeeder.swift in Sources */ = {isa = PBXBuildFile; fileRef = 98F17B622AC3542C00003DF3 /* DiscomfortSeeder.swift */; };
		98F17B652AC356E700003DF3 /* FeelingSeeder.swift in Sources */ = {isa = PBXBuildFile; fileRef = 98F17B642AC356E700003DF3 /* FeelingSeeder.swift */; };
		98F17B672AC3589C00003DF3 /* TaskSeeder.swift in Sources */ = {isa = PBXBuildFile; fileRef = 98F17B662AC3589C00003DF3 /* TaskSeeder.swift */; };
		98F17B692AC35B1500003DF3 /* DifficultyLevel.swift in Sources */ = {isa = PBXBuildFile; fileRef = 98F17B682AC35B1500003DF3 /* DifficultyLevel.swift */; };
		E05EF30E2AC5F2B300E6ABAF /* AddTaskButton.swift in Sources */ = {isa = PBXBuildFile; fileRef = E05EF30D2AC5F2B300E6ABAF /* AddTaskButton.swift */; };
		E094850D2AC4A95D0018716A /* CollectionSectionEnum.swift in Sources */ = {isa = PBXBuildFile; fileRef = E094850C2AC4A95D0018716A /* CollectionSectionEnum.swift */; };
		E094850F2AC4A9E50018716A /* CustomCell.swift in Sources */ = {isa = PBXBuildFile; fileRef = E094850E2AC4A9E50018716A /* CustomCell.swift */; };
		E09485112AC4AA550018716A /* HomeViewCollectionDelegate.swift in Sources */ = {isa = PBXBuildFile; fileRef = E09485102AC4AA550018716A /* HomeViewCollectionDelegate.swift */; };
		E09485172AC4AE8D0018716A /* CreateNewTaskViewModel.swift in Sources */ = {isa = PBXBuildFile; fileRef = E09485162AC4AE8D0018716A /* CreateNewTaskViewModel.swift */; };
		E09485192AC4AEDB0018716A /* CreateNewTaskViewController.swift in Sources */ = {isa = PBXBuildFile; fileRef = E09485182AC4AEDB0018716A /* CreateNewTaskViewController.swift */; };
		E094851B2AC4B0610018716A /* CreateNewTaskCoordinator.swift in Sources */ = {isa = PBXBuildFile; fileRef = E094851A2AC4B0610018716A /* CreateNewTaskCoordinator.swift */; };
		E094851D2AC4C8570018716A /* HomeDatePicker.swift in Sources */ = {isa = PBXBuildFile; fileRef = E094851C2AC4C8570018716A /* HomeDatePicker.swift */; };
		E094851F2AC4CC130018716A /* CallendarPickerViewModal.swift in Sources */ = {isa = PBXBuildFile; fileRef = E094851E2AC4CC130018716A /* CallendarPickerViewModal.swift */; };
		E0BBCFBE2ABCB067008D71EE /* AppDelegate.swift in Sources */ = {isa = PBXBuildFile; fileRef = E0BBCFBD2ABCB067008D71EE /* AppDelegate.swift */; };
		E0BBCFC02ABCB067008D71EE /* SceneDelegate.swift in Sources */ = {isa = PBXBuildFile; fileRef = E0BBCFBF2ABCB067008D71EE /* SceneDelegate.swift */; };
		E0BBCFC22ABCB067008D71EE /* HomeViewController.swift in Sources */ = {isa = PBXBuildFile; fileRef = E0BBCFC12ABCB067008D71EE /* HomeViewController.swift */; };
		E0BBCFC72ABCB068008D71EE /* Assets.xcassets in Resources */ = {isa = PBXBuildFile; fileRef = E0BBCFC62ABCB068008D71EE /* Assets.xcassets */; };
		E0BBCFCA2ABCB068008D71EE /* LaunchScreen.storyboard in Resources */ = {isa = PBXBuildFile; fileRef = E0BBCFC82ABCB068008D71EE /* LaunchScreen.storyboard */; };
		E0BBCFD52ABCB068008D71EE /* Mini02Tests.swift in Sources */ = {isa = PBXBuildFile; fileRef = E0BBCFD42ABCB068008D71EE /* Mini02Tests.swift */; };
		E0BBCFDF2ABCB068008D71EE /* Mini02UITests.swift in Sources */ = {isa = PBXBuildFile; fileRef = E0BBCFDE2ABCB068008D71EE /* Mini02UITests.swift */; };
		E0BBCFE12ABCB068008D71EE /* Mini02UITestsLaunchTests.swift in Sources */ = {isa = PBXBuildFile; fileRef = E0BBCFE02ABCB068008D71EE /* Mini02UITestsLaunchTests.swift */; };
		E0BBCFF32ABCB2BE008D71EE /* StatisticViewController.swift in Sources */ = {isa = PBXBuildFile; fileRef = E0BBCFF22ABCB2BE008D71EE /* StatisticViewController.swift */; };
		E0BBCFF52ABCB2CD008D71EE /* JournalViewController.swift in Sources */ = {isa = PBXBuildFile; fileRef = E0BBCFF42ABCB2CD008D71EE /* JournalViewController.swift */; };
		E0BBCFFA2ABCB37C008D71EE /* TabBarController.swift in Sources */ = {isa = PBXBuildFile; fileRef = E0BBCFF92ABCB37C008D71EE /* TabBarController.swift */; };
/* End PBXBuildFile section */

/* Begin PBXContainerItemProxy section */
		E0BBCFD12ABCB068008D71EE /* PBXContainerItemProxy */ = {
			isa = PBXContainerItemProxy;
			containerPortal = E0BBCFB22ABCB067008D71EE /* Project object */;
			proxyType = 1;
			remoteGlobalIDString = E0BBCFB92ABCB067008D71EE;
			remoteInfo = Mini02;
		};
		E0BBCFDB2ABCB068008D71EE /* PBXContainerItemProxy */ = {
			isa = PBXContainerItemProxy;
			containerPortal = E0BBCFB22ABCB067008D71EE /* Project object */;
			proxyType = 1;
			remoteGlobalIDString = E0BBCFB92ABCB067008D71EE;
			remoteInfo = Mini02;
		};
/* End PBXContainerItemProxy section */

/* Begin PBXFileReference section */
		40CA777C2AC345B400DF3FAD /* HeaderView.swift */ = {isa = PBXFileReference; lastKnownFileType = sourcecode.swift; path = HeaderView.swift; sourceTree = "<group>"; };
		40CA777E2AC3486900DF3FAD /* StatisticBoxView.swift */ = {isa = PBXFileReference; lastKnownFileType = sourcecode.swift; path = StatisticBoxView.swift; sourceTree = "<group>"; };
		40CA77862AC3534D00DF3FAD /* Label.swift */ = {isa = PBXFileReference; lastKnownFileType = sourcecode.swift; path = Label.swift; sourceTree = "<group>"; };
		984AEF812ABCCC14003A838D /* DataModel.xcdatamodel */ = {isa = PBXFileReference; lastKnownFileType = wrapper.xcdatamodel; path = DataModel.xcdatamodel; sourceTree = "<group>"; };
		984AEF842ABCD750003A838D /* DataController.swift */ = {isa = PBXFileReference; lastKnownFileType = sourcecode.swift; path = DataController.swift; sourceTree = "<group>"; };
		984AEF872ABCE3E9003A838D /* AppMainCoordinator.swift */ = {isa = PBXFileReference; lastKnownFileType = sourcecode.swift; path = AppMainCoordinator.swift; sourceTree = "<group>"; };
		984AEF8A2ABDE611003A838D /* MVVMCView.swift */ = {isa = PBXFileReference; lastKnownFileType = sourcecode.swift; path = MVVMCView.swift; sourceTree = "<group>"; };
		984AEF8C2ABDE63D003A838D /* ModelView.swift */ = {isa = PBXFileReference; lastKnownFileType = sourcecode.swift; path = ModelView.swift; sourceTree = "<group>"; };
		984AEF8F2ABDEBD9003A838D /* Task.swift */ = {isa = PBXFileReference; lastKnownFileType = sourcecode.swift; path = Task.swift; sourceTree = "<group>"; };
		98F17B3F2AC212E000003DF3 /* HomeViewModel.swift */ = {isa = PBXFileReference; lastKnownFileType = sourcecode.swift; path = HomeViewModel.swift; sourceTree = "<group>"; };
		98F17B412AC2130D00003DF3 /* HomeMainCoordinator.swift */ = {isa = PBXFileReference; lastKnownFileType = sourcecode.swift; path = HomeMainCoordinator.swift; sourceTree = "<group>"; };
		98F17B432AC2133300003DF3 /* Coordinator.swift */ = {isa = PBXFileReference; lastKnownFileType = sourcecode.swift; path = Coordinator.swift; sourceTree = "<group>"; };
		98F17B472AC2146B00003DF3 /* JournalMainCoordinator.swift */ = {isa = PBXFileReference; lastKnownFileType = sourcecode.swift; path = JournalMainCoordinator.swift; sourceTree = "<group>"; };
		98F17B4B2AC214AD00003DF3 /* JournalViewModel.swift */ = {isa = PBXFileReference; lastKnownFileType = sourcecode.swift; path = JournalViewModel.swift; sourceTree = "<group>"; };
		98F17B522AC2199500003DF3 /* StatisticsViewModel.swift */ = {isa = PBXFileReference; lastKnownFileType = sourcecode.swift; path = StatisticsViewModel.swift; sourceTree = "<group>"; };
		98F17B542AC219BC00003DF3 /* StatisticMainCoordinator.swift */ = {isa = PBXFileReference; lastKnownFileType = sourcecode.swift; path = StatisticMainCoordinator.swift; sourceTree = "<group>"; };
		98F17B592AC323C700003DF3 /* User.swift */ = {isa = PBXFileReference; lastKnownFileType = sourcecode.swift; path = User.swift; sourceTree = "<group>"; };
		98F17B5C2AC32B1100003DF3 /* Seeder.swift */ = {isa = PBXFileReference; lastKnownFileType = sourcecode.swift; path = Seeder.swift; sourceTree = "<group>"; };
		98F17B5E2AC337F900003DF3 /* DifficultySeeder.swift */ = {isa = PBXFileReference; lastKnownFileType = sourcecode.swift; path = DifficultySeeder.swift; sourceTree = "<group>"; };
		98F17B602AC343F300003DF3 /* SeederManager.swift */ = {isa = PBXFileReference; lastKnownFileType = sourcecode.swift; path = SeederManager.swift; sourceTree = "<group>"; };
		98F17B622AC3542C00003DF3 /* DiscomfortSeeder.swift */ = {isa = PBXFileReference; lastKnownFileType = sourcecode.swift; path = DiscomfortSeeder.swift; sourceTree = "<group>"; };
		98F17B642AC356E700003DF3 /* FeelingSeeder.swift */ = {isa = PBXFileReference; lastKnownFileType = sourcecode.swift; path = FeelingSeeder.swift; sourceTree = "<group>"; };
		98F17B662AC3589C00003DF3 /* TaskSeeder.swift */ = {isa = PBXFileReference; lastKnownFileType = sourcecode.swift; path = TaskSeeder.swift; sourceTree = "<group>"; };
		98F17B682AC35B1500003DF3 /* DifficultyLevel.swift */ = {isa = PBXFileReference; lastKnownFileType = sourcecode.swift; path = DifficultyLevel.swift; sourceTree = "<group>"; };
		E05EF30D2AC5F2B300E6ABAF /* AddTaskButton.swift */ = {isa = PBXFileReference; lastKnownFileType = sourcecode.swift; path = AddTaskButton.swift; sourceTree = "<group>"; };
		E094850C2AC4A95D0018716A /* CollectionSectionEnum.swift */ = {isa = PBXFileReference; lastKnownFileType = sourcecode.swift; path = CollectionSectionEnum.swift; sourceTree = "<group>"; };
		E094850E2AC4A9E50018716A /* CustomCell.swift */ = {isa = PBXFileReference; lastKnownFileType = sourcecode.swift; path = CustomCell.swift; sourceTree = "<group>"; };
		E09485102AC4AA550018716A /* HomeViewCollectionDelegate.swift */ = {isa = PBXFileReference; lastKnownFileType = sourcecode.swift; path = HomeViewCollectionDelegate.swift; sourceTree = "<group>"; };
		E09485162AC4AE8D0018716A /* CreateNewTaskViewModel.swift */ = {isa = PBXFileReference; lastKnownFileType = sourcecode.swift; path = CreateNewTaskViewModel.swift; sourceTree = "<group>"; };
		E09485182AC4AEDB0018716A /* CreateNewTaskViewController.swift */ = {isa = PBXFileReference; lastKnownFileType = sourcecode.swift; path = CreateNewTaskViewController.swift; sourceTree = "<group>"; };
		E094851A2AC4B0610018716A /* CreateNewTaskCoordinator.swift */ = {isa = PBXFileReference; lastKnownFileType = sourcecode.swift; path = CreateNewTaskCoordinator.swift; sourceTree = "<group>"; };
		E094851C2AC4C8570018716A /* HomeDatePicker.swift */ = {isa = PBXFileReference; lastKnownFileType = sourcecode.swift; path = HomeDatePicker.swift; sourceTree = "<group>"; };
		E094851E2AC4CC130018716A /* CallendarPickerViewModal.swift */ = {isa = PBXFileReference; lastKnownFileType = sourcecode.swift; path = CallendarPickerViewModal.swift; sourceTree = "<group>"; };
		E0BBCFBA2ABCB067008D71EE /* Mini02.app */ = {isa = PBXFileReference; explicitFileType = wrapper.application; includeInIndex = 0; path = Mini02.app; sourceTree = BUILT_PRODUCTS_DIR; };
		E0BBCFBD2ABCB067008D71EE /* AppDelegate.swift */ = {isa = PBXFileReference; lastKnownFileType = sourcecode.swift; path = AppDelegate.swift; sourceTree = "<group>"; };
		E0BBCFBF2ABCB067008D71EE /* SceneDelegate.swift */ = {isa = PBXFileReference; lastKnownFileType = sourcecode.swift; path = SceneDelegate.swift; sourceTree = "<group>"; };
		E0BBCFC12ABCB067008D71EE /* HomeViewController.swift */ = {isa = PBXFileReference; lastKnownFileType = sourcecode.swift; path = HomeViewController.swift; sourceTree = "<group>"; };
		E0BBCFC62ABCB068008D71EE /* Assets.xcassets */ = {isa = PBXFileReference; lastKnownFileType = folder.assetcatalog; path = Assets.xcassets; sourceTree = "<group>"; };
		E0BBCFC92ABCB068008D71EE /* Base */ = {isa = PBXFileReference; lastKnownFileType = file.storyboard; name = Base; path = Base.lproj/LaunchScreen.storyboard; sourceTree = "<group>"; };
		E0BBCFCB2ABCB068008D71EE /* Info.plist */ = {isa = PBXFileReference; lastKnownFileType = text.plist.xml; path = Info.plist; sourceTree = "<group>"; };
		E0BBCFD02ABCB068008D71EE /* Mini02Tests.xctest */ = {isa = PBXFileReference; explicitFileType = wrapper.cfbundle; includeInIndex = 0; path = Mini02Tests.xctest; sourceTree = BUILT_PRODUCTS_DIR; };
		E0BBCFD42ABCB068008D71EE /* Mini02Tests.swift */ = {isa = PBXFileReference; lastKnownFileType = sourcecode.swift; path = Mini02Tests.swift; sourceTree = "<group>"; };
		E0BBCFDA2ABCB068008D71EE /* Mini02UITests.xctest */ = {isa = PBXFileReference; explicitFileType = wrapper.cfbundle; includeInIndex = 0; path = Mini02UITests.xctest; sourceTree = BUILT_PRODUCTS_DIR; };
		E0BBCFDE2ABCB068008D71EE /* Mini02UITests.swift */ = {isa = PBXFileReference; lastKnownFileType = sourcecode.swift; path = Mini02UITests.swift; sourceTree = "<group>"; };
		E0BBCFE02ABCB068008D71EE /* Mini02UITestsLaunchTests.swift */ = {isa = PBXFileReference; lastKnownFileType = sourcecode.swift; path = Mini02UITestsLaunchTests.swift; sourceTree = "<group>"; };
		E0BBCFF22ABCB2BE008D71EE /* StatisticViewController.swift */ = {isa = PBXFileReference; lastKnownFileType = sourcecode.swift; path = StatisticViewController.swift; sourceTree = "<group>"; };
		E0BBCFF42ABCB2CD008D71EE /* JournalViewController.swift */ = {isa = PBXFileReference; lastKnownFileType = sourcecode.swift; path = JournalViewController.swift; sourceTree = "<group>"; };
		E0BBCFF92ABCB37C008D71EE /* TabBarController.swift */ = {isa = PBXFileReference; lastKnownFileType = sourcecode.swift; path = TabBarController.swift; sourceTree = "<group>"; };
/* End PBXFileReference section */

/* Begin PBXFrameworksBuildPhase section */
		E0BBCFB72ABCB067008D71EE /* Frameworks */ = {
			isa = PBXFrameworksBuildPhase;
			buildActionMask = 2147483647;
			files = (
			);
			runOnlyForDeploymentPostprocessing = 0;
		};
		E0BBCFCD2ABCB068008D71EE /* Frameworks */ = {
			isa = PBXFrameworksBuildPhase;
			buildActionMask = 2147483647;
			files = (
			);
			runOnlyForDeploymentPostprocessing = 0;
		};
		E0BBCFD72ABCB068008D71EE /* Frameworks */ = {
			isa = PBXFrameworksBuildPhase;
			buildActionMask = 2147483647;
			files = (
			);
			runOnlyForDeploymentPostprocessing = 0;
		};
/* End PBXFrameworksBuildPhase section */

/* Begin PBXGroup section */
		40CA777B2AC345A000DF3FAD /* Components */ = {
			isa = PBXGroup;
			children = (
				40CA777C2AC345B400DF3FAD /* HeaderView.swift */,
				40CA777E2AC3486900DF3FAD /* StatisticBoxView.swift */,
				40CA77862AC3534D00DF3FAD /* Label.swift */,
				E094851C2AC4C8570018716A /* HomeDatePicker.swift */,
				E05EF30D2AC5F2B300E6ABAF /* AddTaskButton.swift */,
			);
			path = Components;
			sourceTree = "<group>";
		};
		984AEF832ABCD743003A838D /* DataModel */ = {
			isa = PBXGroup;
			children = (
				984AEF802ABCCC14003A838D /* DataModel.xcdatamodeld */,
				984AEF842ABCD750003A838D /* DataController.swift */,
			);
			path = DataModel;
			sourceTree = "<group>";
		};
		984AEF892ABDE604003A838D /* Utils */ = {
			isa = PBXGroup;
			children = (
				984AEF8A2ABDE611003A838D /* MVVMCView.swift */,
				984AEF8C2ABDE63D003A838D /* ModelView.swift */,
				98F17B432AC2133300003DF3 /* Coordinator.swift */,
			);
			path = Utils;
			sourceTree = "<group>";
		};
		984AEF8E2ABDEBCF003A838D /* Models */ = {
			isa = PBXGroup;
			children = (
				98F17B5B2AC32B0300003DF3 /* Seeder */,
				984AEF8F2ABDEBD9003A838D /* Task.swift */,
				98F17B592AC323C700003DF3 /* User.swift */,
				98F17B682AC35B1500003DF3 /* DifficultyLevel.swift */,
			);
			path = Models;
			sourceTree = "<group>";
		};
		98F17B3A2AC2126D00003DF3 /* Presentation */ = {
			isa = PBXGroup;
			children = (
				40CA777B2AC345A000DF3FAD /* Components */,
				98F17B4D2AC2197100003DF3 /* Statistics */,
				98F17B452AC213DE00003DF3 /* Journal */,
				98F17B3B2AC2128C00003DF3 /* Home */,
			);
			path = Presentation;
			sourceTree = "<group>";
		};
		98F17B3B2AC2128C00003DF3 /* Home */ = {
			isa = PBXGroup;
			children = (
				E09485122AC4ADDF0018716A /* CreateNewTaskView */,
				E094850A2AC4A91C0018716A /* TaskView */,
			);
			path = Home;
			sourceTree = "<group>";
		};
		98F17B3C2AC212A100003DF3 /* Coordinator */ = {
			isa = PBXGroup;
			children = (
				98F17B412AC2130D00003DF3 /* HomeMainCoordinator.swift */,
			);
			path = Coordinator;
			sourceTree = "<group>";
		};
		98F17B3D2AC212A800003DF3 /* View */ = {
			isa = PBXGroup;
			children = (
				E0BBCFC12ABCB067008D71EE /* HomeViewController.swift */,
				E094851E2AC4CC130018716A /* CallendarPickerViewModal.swift */,
			);
			path = View;
			sourceTree = "<group>";
		};
		98F17B3E2AC212C200003DF3 /* ViewModel */ = {
			isa = PBXGroup;
			children = (
				98F17B3F2AC212E000003DF3 /* HomeViewModel.swift */,
			);
			path = ViewModel;
			sourceTree = "<group>";
		};
		98F17B452AC213DE00003DF3 /* Journal */ = {
			isa = PBXGroup;
			children = (
				98F17B4A2AC2149200003DF3 /* ViewModel */,
				98F17B492AC2148900003DF3 /* View */,
				98F17B462AC2146000003DF3 /* Coordinator */,
			);
			path = Journal;
			sourceTree = "<group>";
		};
		98F17B462AC2146000003DF3 /* Coordinator */ = {
			isa = PBXGroup;
			children = (
				98F17B472AC2146B00003DF3 /* JournalMainCoordinator.swift */,
			);
			path = Coordinator;
			sourceTree = "<group>";
		};
		98F17B492AC2148900003DF3 /* View */ = {
			isa = PBXGroup;
			children = (
				E0BBCFF42ABCB2CD008D71EE /* JournalViewController.swift */,
			);
			path = View;
			sourceTree = "<group>";
		};
		98F17B4A2AC2149200003DF3 /* ViewModel */ = {
			isa = PBXGroup;
			children = (
				98F17B4B2AC214AD00003DF3 /* JournalViewModel.swift */,
			);
			path = ViewModel;
			sourceTree = "<group>";
		};
		98F17B4D2AC2197100003DF3 /* Statistics */ = {
			isa = PBXGroup;
			children = (
				98F17B512AC2198700003DF3 /* ViewModel */,
				98F17B4F2AC2197E00003DF3 /* View */,
				98F17B4E2AC2197600003DF3 /* Coordinator */,
			);
			path = Statistics;
			sourceTree = "<group>";
		};
		98F17B4E2AC2197600003DF3 /* Coordinator */ = {
			isa = PBXGroup;
			children = (
				98F17B542AC219BC00003DF3 /* StatisticMainCoordinator.swift */,
			);
			path = Coordinator;
			sourceTree = "<group>";
		};
		98F17B4F2AC2197E00003DF3 /* View */ = {
			isa = PBXGroup;
			children = (
				E0BBCFF22ABCB2BE008D71EE /* StatisticViewController.swift */,
			);
			path = View;
			sourceTree = "<group>";
		};
		98F17B512AC2198700003DF3 /* ViewModel */ = {
			isa = PBXGroup;
			children = (
				98F17B522AC2199500003DF3 /* StatisticsViewModel.swift */,
			);
			path = ViewModel;
			sourceTree = "<group>";
		};
		98F17B5B2AC32B0300003DF3 /* Seeder */ = {
			isa = PBXGroup;
			children = (
				98F17B5C2AC32B1100003DF3 /* Seeder.swift */,
				98F17B5E2AC337F900003DF3 /* DifficultySeeder.swift */,
				98F17B602AC343F300003DF3 /* SeederManager.swift */,
				98F17B622AC3542C00003DF3 /* DiscomfortSeeder.swift */,
				98F17B642AC356E700003DF3 /* FeelingSeeder.swift */,
				98F17B662AC3589C00003DF3 /* TaskSeeder.swift */,
			);
			path = Seeder;
			sourceTree = "<group>";
		};
		E094850A2AC4A91C0018716A /* TaskView */ = {
			isa = PBXGroup;
			children = (
				E094850B2AC4A94B0018716A /* Support */,
				98F17B3E2AC212C200003DF3 /* ViewModel */,
				98F17B3D2AC212A800003DF3 /* View */,
				98F17B3C2AC212A100003DF3 /* Coordinator */,
			);
			path = TaskView;
			sourceTree = "<group>";
		};
		E094850B2AC4A94B0018716A /* Support */ = {
			isa = PBXGroup;
			children = (
				E094850C2AC4A95D0018716A /* CollectionSectionEnum.swift */,
				E094850E2AC4A9E50018716A /* CustomCell.swift */,
				E09485102AC4AA550018716A /* HomeViewCollectionDelegate.swift */,
			);
			path = Support;
			sourceTree = "<group>";
		};
		E09485122AC4ADDF0018716A /* CreateNewTaskView */ = {
			isa = PBXGroup;
			children = (
				E09485152AC4AE040018716A /* ViewModel */,
				E09485142AC4ADF50018716A /* View */,
				E09485132AC4ADEB0018716A /* Coordinator */,
			);
			path = CreateNewTaskView;
			sourceTree = "<group>";
		};
		E09485132AC4ADEB0018716A /* Coordinator */ = {
			isa = PBXGroup;
			children = (
				E094851A2AC4B0610018716A /* CreateNewTaskCoordinator.swift */,
			);
			path = Coordinator;
			sourceTree = "<group>";
		};
		E09485142AC4ADF50018716A /* View */ = {
			isa = PBXGroup;
			children = (
				E09485182AC4AEDB0018716A /* CreateNewTaskViewController.swift */,
			);
			path = View;
			sourceTree = "<group>";
		};
		E09485152AC4AE040018716A /* ViewModel */ = {
			isa = PBXGroup;
			children = (
				E09485162AC4AE8D0018716A /* CreateNewTaskViewModel.swift */,
			);
			path = ViewModel;
			sourceTree = "<group>";
		};
		E0BBCFB12ABCB067008D71EE = {
			isa = PBXGroup;
			children = (
				E0BBCFBC2ABCB067008D71EE /* Mini02 */,
				E0BBCFD32ABCB068008D71EE /* Mini02Tests */,
				E0BBCFDD2ABCB068008D71EE /* Mini02UITests */,
				E0BBCFBB2ABCB067008D71EE /* Products */,
			);
			sourceTree = "<group>";
		};
		E0BBCFBB2ABCB067008D71EE /* Products */ = {
			isa = PBXGroup;
			children = (
				E0BBCFBA2ABCB067008D71EE /* Mini02.app */,
				E0BBCFD02ABCB068008D71EE /* Mini02Tests.xctest */,
				E0BBCFDA2ABCB068008D71EE /* Mini02UITests.xctest */,
			);
			name = Products;
			sourceTree = "<group>";
		};
		E0BBCFBC2ABCB067008D71EE /* Mini02 */ = {
			isa = PBXGroup;
			children = (
				98F17B3A2AC2126D00003DF3 /* Presentation */,
				984AEF8E2ABDEBCF003A838D /* Models */,
				984AEF832ABCD743003A838D /* DataModel */,
				E0BBCFEE2ABCB1E0008D71EE /* ViewControllers */,
				E0BBCFED2ABCB1D0008D71EE /* Support */,
				E0BBCFC62ABCB068008D71EE /* Assets.xcassets */,
				E0BBCFC82ABCB068008D71EE /* LaunchScreen.storyboard */,
				E0BBCFCB2ABCB068008D71EE /* Info.plist */,
			);
			path = Mini02;
			sourceTree = "<group>";
		};
		E0BBCFD32ABCB068008D71EE /* Mini02Tests */ = {
			isa = PBXGroup;
			children = (
				E0BBCFD42ABCB068008D71EE /* Mini02Tests.swift */,
			);
			path = Mini02Tests;
			sourceTree = "<group>";
		};
		E0BBCFDD2ABCB068008D71EE /* Mini02UITests */ = {
			isa = PBXGroup;
			children = (
				E0BBCFDE2ABCB068008D71EE /* Mini02UITests.swift */,
				E0BBCFE02ABCB068008D71EE /* Mini02UITestsLaunchTests.swift */,
			);
			path = Mini02UITests;
			sourceTree = "<group>";
		};
		E0BBCFED2ABCB1D0008D71EE /* Support */ = {
			isa = PBXGroup;
			children = (
				984AEF892ABDE604003A838D /* Utils */,
				E0BBCFBD2ABCB067008D71EE /* AppDelegate.swift */,
				E0BBCFBF2ABCB067008D71EE /* SceneDelegate.swift */,
				984AEF872ABCE3E9003A838D /* AppMainCoordinator.swift */,
			);
			path = Support;
			sourceTree = "<group>";
		};
		E0BBCFEE2ABCB1E0008D71EE /* ViewControllers */ = {
			isa = PBXGroup;
			children = (
				E0BBCFF62ABCB304008D71EE /* TabView */,
				E0BBCFF12ABCB249008D71EE /* HomeView */,
				E0BBCFF02ABCB1FF008D71EE /* Statistic */,
				E0BBCFEF2ABCB1F8008D71EE /* Journal */,
			);
			path = ViewControllers;
			sourceTree = "<group>";
		};
		E0BBCFEF2ABCB1F8008D71EE /* Journal */ = {
			isa = PBXGroup;
			children = (
			);
			path = Journal;
			sourceTree = "<group>";
		};
		E0BBCFF02ABCB1FF008D71EE /* Statistic */ = {
			isa = PBXGroup;
			children = (
			);
			path = Statistic;
			sourceTree = "<group>";
		};
		E0BBCFF12ABCB249008D71EE /* HomeView */ = {
			isa = PBXGroup;
			children = (
			);
			path = HomeView;
			sourceTree = "<group>";
		};
		E0BBCFF62ABCB304008D71EE /* TabView */ = {
			isa = PBXGroup;
			children = (
				E0BBCFF92ABCB37C008D71EE /* TabBarController.swift */,
			);
			path = TabView;
			sourceTree = "<group>";
		};
/* End PBXGroup section */

/* Begin PBXNativeTarget section */
		E0BBCFB92ABCB067008D71EE /* Mini02 */ = {
			isa = PBXNativeTarget;
			buildConfigurationList = E0BBCFE42ABCB068008D71EE /* Build configuration list for PBXNativeTarget "Mini02" */;
			buildPhases = (
				E0BBCFB62ABCB067008D71EE /* Sources */,
				E0BBCFB72ABCB067008D71EE /* Frameworks */,
				E0BBCFB82ABCB067008D71EE /* Resources */,
			);
			buildRules = (
			);
			dependencies = (
			);
			name = Mini02;
			productName = Mini02;
			productReference = E0BBCFBA2ABCB067008D71EE /* Mini02.app */;
			productType = "com.apple.product-type.application";
		};
		E0BBCFCF2ABCB068008D71EE /* Mini02Tests */ = {
			isa = PBXNativeTarget;
			buildConfigurationList = E0BBCFE72ABCB068008D71EE /* Build configuration list for PBXNativeTarget "Mini02Tests" */;
			buildPhases = (
				E0BBCFCC2ABCB068008D71EE /* Sources */,
				E0BBCFCD2ABCB068008D71EE /* Frameworks */,
				E0BBCFCE2ABCB068008D71EE /* Resources */,
			);
			buildRules = (
			);
			dependencies = (
				E0BBCFD22ABCB068008D71EE /* PBXTargetDependency */,
			);
			name = Mini02Tests;
			productName = Mini02Tests;
			productReference = E0BBCFD02ABCB068008D71EE /* Mini02Tests.xctest */;
			productType = "com.apple.product-type.bundle.unit-test";
		};
		E0BBCFD92ABCB068008D71EE /* Mini02UITests */ = {
			isa = PBXNativeTarget;
			buildConfigurationList = E0BBCFEA2ABCB068008D71EE /* Build configuration list for PBXNativeTarget "Mini02UITests" */;
			buildPhases = (
				E0BBCFD62ABCB068008D71EE /* Sources */,
				E0BBCFD72ABCB068008D71EE /* Frameworks */,
				E0BBCFD82ABCB068008D71EE /* Resources */,
			);
			buildRules = (
			);
			dependencies = (
				E0BBCFDC2ABCB068008D71EE /* PBXTargetDependency */,
			);
			name = Mini02UITests;
			productName = Mini02UITests;
			productReference = E0BBCFDA2ABCB068008D71EE /* Mini02UITests.xctest */;
			productType = "com.apple.product-type.bundle.ui-testing";
		};
/* End PBXNativeTarget section */

/* Begin PBXProject section */
		E0BBCFB22ABCB067008D71EE /* Project object */ = {
			isa = PBXProject;
			attributes = {
				BuildIndependentTargetsInParallel = 1;
				LastSwiftUpdateCheck = 1500;
				LastUpgradeCheck = 1500;
				TargetAttributes = {
					E0BBCFB92ABCB067008D71EE = {
						CreatedOnToolsVersion = 15.0;
					};
					E0BBCFCF2ABCB068008D71EE = {
						CreatedOnToolsVersion = 15.0;
						TestTargetID = E0BBCFB92ABCB067008D71EE;
					};
					E0BBCFD92ABCB068008D71EE = {
						CreatedOnToolsVersion = 15.0;
						TestTargetID = E0BBCFB92ABCB067008D71EE;
					};
				};
			};
			buildConfigurationList = E0BBCFB52ABCB067008D71EE /* Build configuration list for PBXProject "Mini02" */;
			compatibilityVersion = "Xcode 14.0";
			developmentRegion = en;
			hasScannedForEncodings = 0;
			knownRegions = (
				en,
				Base,
			);
			mainGroup = E0BBCFB12ABCB067008D71EE;
			productRefGroup = E0BBCFBB2ABCB067008D71EE /* Products */;
			projectDirPath = "";
			projectRoot = "";
			targets = (
				E0BBCFB92ABCB067008D71EE /* Mini02 */,
				E0BBCFCF2ABCB068008D71EE /* Mini02Tests */,
				E0BBCFD92ABCB068008D71EE /* Mini02UITests */,
			);
		};
/* End PBXProject section */

/* Begin PBXResourcesBuildPhase section */
		E0BBCFB82ABCB067008D71EE /* Resources */ = {
			isa = PBXResourcesBuildPhase;
			buildActionMask = 2147483647;
			files = (
				E0BBCFCA2ABCB068008D71EE /* LaunchScreen.storyboard in Resources */,
				E0BBCFC72ABCB068008D71EE /* Assets.xcassets in Resources */,
			);
			runOnlyForDeploymentPostprocessing = 0;
		};
		E0BBCFCE2ABCB068008D71EE /* Resources */ = {
			isa = PBXResourcesBuildPhase;
			buildActionMask = 2147483647;
			files = (
			);
			runOnlyForDeploymentPostprocessing = 0;
		};
		E0BBCFD82ABCB068008D71EE /* Resources */ = {
			isa = PBXResourcesBuildPhase;
			buildActionMask = 2147483647;
			files = (
			);
			runOnlyForDeploymentPostprocessing = 0;
		};
/* End PBXResourcesBuildPhase section */

/* Begin PBXSourcesBuildPhase section */
		E0BBCFB62ABCB067008D71EE /* Sources */ = {
			isa = PBXSourcesBuildPhase;
			buildActionMask = 2147483647;
			files = (
				E094850D2AC4A95D0018716A /* CollectionSectionEnum.swift in Sources */,
				E094851D2AC4C8570018716A /* HomeDatePicker.swift in Sources */,
				98F17B652AC356E700003DF3 /* FeelingSeeder.swift in Sources */,
				E0BBCFC22ABCB067008D71EE /* HomeViewController.swift in Sources */,
				E0BBCFF32ABCB2BE008D71EE /* StatisticViewController.swift in Sources */,
				98F17B442AC2133300003DF3 /* Coordinator.swift in Sources */,
				984AEF882ABCE3E9003A838D /* AppMainCoordinator.swift in Sources */,
				E09485112AC4AA550018716A /* HomeViewCollectionDelegate.swift in Sources */,
				E094850F2AC4A9E50018716A /* CustomCell.swift in Sources */,
				40CA77872AC3534D00DF3FAD /* Label.swift in Sources */,
				E0BBCFBE2ABCB067008D71EE /* AppDelegate.swift in Sources */,
				E09485172AC4AE8D0018716A /* CreateNewTaskViewModel.swift in Sources */,
				984AEF902ABDEBD9003A838D /* Task.swift in Sources */,
				98F17B5F2AC337F900003DF3 /* DifficultySeeder.swift in Sources */,
				984AEF8B2ABDE611003A838D /* MVVMCView.swift in Sources */,
				98F17B612AC343F300003DF3 /* SeederManager.swift in Sources */,
				98F17B552AC219BC00003DF3 /* StatisticMainCoordinator.swift in Sources */,
				98F17B5A2AC323C700003DF3 /* User.swift in Sources */,
				98F17B692AC35B1500003DF3 /* DifficultyLevel.swift in Sources */,
				98F17B422AC2130D00003DF3 /* HomeMainCoordinator.swift in Sources */,
				E094851F2AC4CC130018716A /* CallendarPickerViewModal.swift in Sources */,
				98F17B4C2AC214AD00003DF3 /* JournalViewModel.swift in Sources */,
				98F17B5D2AC32B1100003DF3 /* Seeder.swift in Sources */,
				984AEF8D2ABDE63D003A838D /* ModelView.swift in Sources */,
				E094851B2AC4B0610018716A /* CreateNewTaskCoordinator.swift in Sources */,
				984AEF822ABCCC14003A838D /* DataModel.xcdatamodeld in Sources */,
				E09485192AC4AEDB0018716A /* CreateNewTaskViewController.swift in Sources */,
				40CA777F2AC3486900DF3FAD /* StatisticBoxView.swift in Sources */,
				98F17B402AC212E000003DF3 /* HomeViewModel.swift in Sources */,
				E05EF30E2AC5F2B300E6ABAF /* AddTaskButton.swift in Sources */,
				98F17B482AC2146B00003DF3 /* JournalMainCoordinator.swift in Sources */,
				E0BBCFFA2ABCB37C008D71EE /* TabBarController.swift in Sources */,
				98F17B672AC3589C00003DF3 /* TaskSeeder.swift in Sources */,
				98F17B632AC3542C00003DF3 /* DiscomfortSeeder.swift in Sources */,
				40CA777D2AC345B400DF3FAD /* HeaderView.swift in Sources */,
				984AEF852ABCD750003A838D /* DataController.swift in Sources */,
				E0BBCFC02ABCB067008D71EE /* SceneDelegate.swift in Sources */,
				E0BBCFF52ABCB2CD008D71EE /* JournalViewController.swift in Sources */,
				98F17B532AC2199500003DF3 /* StatisticsViewModel.swift in Sources */,
			);
			runOnlyForDeploymentPostprocessing = 0;
		};
		E0BBCFCC2ABCB068008D71EE /* Sources */ = {
			isa = PBXSourcesBuildPhase;
			buildActionMask = 2147483647;
			files = (
				E0BBCFD52ABCB068008D71EE /* Mini02Tests.swift in Sources */,
			);
			runOnlyForDeploymentPostprocessing = 0;
		};
		E0BBCFD62ABCB068008D71EE /* Sources */ = {
			isa = PBXSourcesBuildPhase;
			buildActionMask = 2147483647;
			files = (
				E0BBCFDF2ABCB068008D71EE /* Mini02UITests.swift in Sources */,
				E0BBCFE12ABCB068008D71EE /* Mini02UITestsLaunchTests.swift in Sources */,
			);
			runOnlyForDeploymentPostprocessing = 0;
		};
/* End PBXSourcesBuildPhase section */

/* Begin PBXTargetDependency section */
		E0BBCFD22ABCB068008D71EE /* PBXTargetDependency */ = {
			isa = PBXTargetDependency;
			target = E0BBCFB92ABCB067008D71EE /* Mini02 */;
			targetProxy = E0BBCFD12ABCB068008D71EE /* PBXContainerItemProxy */;
		};
		E0BBCFDC2ABCB068008D71EE /* PBXTargetDependency */ = {
			isa = PBXTargetDependency;
			target = E0BBCFB92ABCB067008D71EE /* Mini02 */;
			targetProxy = E0BBCFDB2ABCB068008D71EE /* PBXContainerItemProxy */;
		};
/* End PBXTargetDependency section */

/* Begin PBXVariantGroup section */
		E0BBCFC82ABCB068008D71EE /* LaunchScreen.storyboard */ = {
			isa = PBXVariantGroup;
			children = (
				E0BBCFC92ABCB068008D71EE /* Base */,
			);
			name = LaunchScreen.storyboard;
			sourceTree = "<group>";
		};
/* End PBXVariantGroup section */

/* Begin XCBuildConfiguration section */
		E0BBCFE22ABCB068008D71EE /* Debug */ = {
			isa = XCBuildConfiguration;
			buildSettings = {
				ALWAYS_SEARCH_USER_PATHS = NO;
				ASSETCATALOG_COMPILER_GENERATE_SWIFT_ASSET_SYMBOL_EXTENSIONS = YES;
				CLANG_ANALYZER_NONNULL = YES;
				CLANG_ANALYZER_NUMBER_OBJECT_CONVERSION = YES_AGGRESSIVE;
				CLANG_CXX_LANGUAGE_STANDARD = "gnu++20";
				CLANG_ENABLE_MODULES = YES;
				CLANG_ENABLE_OBJC_ARC = YES;
				CLANG_ENABLE_OBJC_WEAK = YES;
				CLANG_WARN_BLOCK_CAPTURE_AUTORELEASING = YES;
				CLANG_WARN_BOOL_CONVERSION = YES;
				CLANG_WARN_COMMA = YES;
				CLANG_WARN_CONSTANT_CONVERSION = YES;
				CLANG_WARN_DEPRECATED_OBJC_IMPLEMENTATIONS = YES;
				CLANG_WARN_DIRECT_OBJC_ISA_USAGE = YES_ERROR;
				CLANG_WARN_DOCUMENTATION_COMMENTS = YES;
				CLANG_WARN_EMPTY_BODY = YES;
				CLANG_WARN_ENUM_CONVERSION = YES;
				CLANG_WARN_INFINITE_RECURSION = YES;
				CLANG_WARN_INT_CONVERSION = YES;
				CLANG_WARN_NON_LITERAL_NULL_CONVERSION = YES;
				CLANG_WARN_OBJC_IMPLICIT_RETAIN_SELF = YES;
				CLANG_WARN_OBJC_LITERAL_CONVERSION = YES;
				CLANG_WARN_OBJC_ROOT_CLASS = YES_ERROR;
				CLANG_WARN_QUOTED_INCLUDE_IN_FRAMEWORK_HEADER = YES;
				CLANG_WARN_RANGE_LOOP_ANALYSIS = YES;
				CLANG_WARN_STRICT_PROTOTYPES = YES;
				CLANG_WARN_SUSPICIOUS_MOVE = YES;
				CLANG_WARN_UNGUARDED_AVAILABILITY = YES_AGGRESSIVE;
				CLANG_WARN_UNREACHABLE_CODE = YES;
				CLANG_WARN__DUPLICATE_METHOD_MATCH = YES;
				COPY_PHASE_STRIP = NO;
				DEBUG_INFORMATION_FORMAT = dwarf;
				ENABLE_STRICT_OBJC_MSGSEND = YES;
				ENABLE_TESTABILITY = YES;
				ENABLE_USER_SCRIPT_SANDBOXING = YES;
				GCC_C_LANGUAGE_STANDARD = gnu17;
				GCC_DYNAMIC_NO_PIC = NO;
				GCC_NO_COMMON_BLOCKS = YES;
				GCC_OPTIMIZATION_LEVEL = 0;
				GCC_PREPROCESSOR_DEFINITIONS = (
					"DEBUG=1",
					"$(inherited)",
				);
				GCC_WARN_64_TO_32_BIT_CONVERSION = YES;
				GCC_WARN_ABOUT_RETURN_TYPE = YES_ERROR;
				GCC_WARN_UNDECLARED_SELECTOR = YES;
				GCC_WARN_UNINITIALIZED_AUTOS = YES_AGGRESSIVE;
				GCC_WARN_UNUSED_FUNCTION = YES;
				GCC_WARN_UNUSED_VARIABLE = YES;
				IPHONEOS_DEPLOYMENT_TARGET = 16.0;
				LOCALIZATION_PREFERS_STRING_CATALOGS = YES;
				MTL_ENABLE_DEBUG_INFO = INCLUDE_SOURCE;
				MTL_FAST_MATH = YES;
				ONLY_ACTIVE_ARCH = YES;
				SDKROOT = iphoneos;
				SWIFT_ACTIVE_COMPILATION_CONDITIONS = "DEBUG $(inherited)";
				SWIFT_OPTIMIZATION_LEVEL = "-Onone";
			};
			name = Debug;
		};
		E0BBCFE32ABCB068008D71EE /* Release */ = {
			isa = XCBuildConfiguration;
			buildSettings = {
				ALWAYS_SEARCH_USER_PATHS = NO;
				ASSETCATALOG_COMPILER_GENERATE_SWIFT_ASSET_SYMBOL_EXTENSIONS = YES;
				CLANG_ANALYZER_NONNULL = YES;
				CLANG_ANALYZER_NUMBER_OBJECT_CONVERSION = YES_AGGRESSIVE;
				CLANG_CXX_LANGUAGE_STANDARD = "gnu++20";
				CLANG_ENABLE_MODULES = YES;
				CLANG_ENABLE_OBJC_ARC = YES;
				CLANG_ENABLE_OBJC_WEAK = YES;
				CLANG_WARN_BLOCK_CAPTURE_AUTORELEASING = YES;
				CLANG_WARN_BOOL_CONVERSION = YES;
				CLANG_WARN_COMMA = YES;
				CLANG_WARN_CONSTANT_CONVERSION = YES;
				CLANG_WARN_DEPRECATED_OBJC_IMPLEMENTATIONS = YES;
				CLANG_WARN_DIRECT_OBJC_ISA_USAGE = YES_ERROR;
				CLANG_WARN_DOCUMENTATION_COMMENTS = YES;
				CLANG_WARN_EMPTY_BODY = YES;
				CLANG_WARN_ENUM_CONVERSION = YES;
				CLANG_WARN_INFINITE_RECURSION = YES;
				CLANG_WARN_INT_CONVERSION = YES;
				CLANG_WARN_NON_LITERAL_NULL_CONVERSION = YES;
				CLANG_WARN_OBJC_IMPLICIT_RETAIN_SELF = YES;
				CLANG_WARN_OBJC_LITERAL_CONVERSION = YES;
				CLANG_WARN_OBJC_ROOT_CLASS = YES_ERROR;
				CLANG_WARN_QUOTED_INCLUDE_IN_FRAMEWORK_HEADER = YES;
				CLANG_WARN_RANGE_LOOP_ANALYSIS = YES;
				CLANG_WARN_STRICT_PROTOTYPES = YES;
				CLANG_WARN_SUSPICIOUS_MOVE = YES;
				CLANG_WARN_UNGUARDED_AVAILABILITY = YES_AGGRESSIVE;
				CLANG_WARN_UNREACHABLE_CODE = YES;
				CLANG_WARN__DUPLICATE_METHOD_MATCH = YES;
				COPY_PHASE_STRIP = NO;
				DEBUG_INFORMATION_FORMAT = "dwarf-with-dsym";
				ENABLE_NS_ASSERTIONS = NO;
				ENABLE_STRICT_OBJC_MSGSEND = YES;
				ENABLE_USER_SCRIPT_SANDBOXING = YES;
				GCC_C_LANGUAGE_STANDARD = gnu17;
				GCC_NO_COMMON_BLOCKS = YES;
				GCC_WARN_64_TO_32_BIT_CONVERSION = YES;
				GCC_WARN_ABOUT_RETURN_TYPE = YES_ERROR;
				GCC_WARN_UNDECLARED_SELECTOR = YES;
				GCC_WARN_UNINITIALIZED_AUTOS = YES_AGGRESSIVE;
				GCC_WARN_UNUSED_FUNCTION = YES;
				GCC_WARN_UNUSED_VARIABLE = YES;
				IPHONEOS_DEPLOYMENT_TARGET = 16.0;
				LOCALIZATION_PREFERS_STRING_CATALOGS = YES;
				MTL_ENABLE_DEBUG_INFO = NO;
				MTL_FAST_MATH = YES;
				SDKROOT = iphoneos;
				SWIFT_COMPILATION_MODE = wholemodule;
				VALIDATE_PRODUCT = YES;
			};
			name = Release;
		};
		E0BBCFE52ABCB068008D71EE /* Debug */ = {
			isa = XCBuildConfiguration;
			buildSettings = {
				ASSETCATALOG_COMPILER_APPICON_NAME = AppIcon;
				ASSETCATALOG_COMPILER_GLOBAL_ACCENT_COLOR_NAME = AccentColor;
				CODE_SIGN_STYLE = Automatic;
				CURRENT_PROJECT_VERSION = 1;
				DEVELOPMENT_TEAM = SRXHT55569;
				GENERATE_INFOPLIST_FILE = YES;
				INFOPLIST_FILE = Mini02/Info.plist;
				INFOPLIST_KEY_UIApplicationSupportsIndirectInputEvents = YES;
				INFOPLIST_KEY_UILaunchStoryboardName = LaunchScreen;
				INFOPLIST_KEY_UISupportedInterfaceOrientations_iPad = "UIInterfaceOrientationPortrait UIInterfaceOrientationPortraitUpsideDown UIInterfaceOrientationLandscapeLeft UIInterfaceOrientationLandscapeRight";
				INFOPLIST_KEY_UISupportedInterfaceOrientations_iPhone = "UIInterfaceOrientationPortrait UIInterfaceOrientationLandscapeLeft UIInterfaceOrientationLandscapeRight";
				LD_RUNPATH_SEARCH_PATHS = (
					"$(inherited)",
					"@executable_path/Frameworks",
				);
				MARKETING_VERSION = 1.0;
				PRODUCT_BUNDLE_IDENTIFIER = Uikit.Mini02;
				PRODUCT_NAME = "$(TARGET_NAME)";
				SWIFT_EMIT_LOC_STRINGS = YES;
				SWIFT_VERSION = 5.0;
				TARGETED_DEVICE_FAMILY = "1,2";
			};
			name = Debug;
		};
		E0BBCFE62ABCB068008D71EE /* Release */ = {
			isa = XCBuildConfiguration;
			buildSettings = {
				ASSETCATALOG_COMPILER_APPICON_NAME = AppIcon;
				ASSETCATALOG_COMPILER_GLOBAL_ACCENT_COLOR_NAME = AccentColor;
				CODE_SIGN_STYLE = Automatic;
				CURRENT_PROJECT_VERSION = 1;
				DEVELOPMENT_TEAM = SRXHT55569;
				GENERATE_INFOPLIST_FILE = YES;
				INFOPLIST_FILE = Mini02/Info.plist;
				INFOPLIST_KEY_UIApplicationSupportsIndirectInputEvents = YES;
				INFOPLIST_KEY_UILaunchStoryboardName = LaunchScreen;
				INFOPLIST_KEY_UISupportedInterfaceOrientations_iPad = "UIInterfaceOrientationPortrait UIInterfaceOrientationPortraitUpsideDown UIInterfaceOrientationLandscapeLeft UIInterfaceOrientationLandscapeRight";
				INFOPLIST_KEY_UISupportedInterfaceOrientations_iPhone = "UIInterfaceOrientationPortrait UIInterfaceOrientationLandscapeLeft UIInterfaceOrientationLandscapeRight";
				LD_RUNPATH_SEARCH_PATHS = (
					"$(inherited)",
					"@executable_path/Frameworks",
				);
				MARKETING_VERSION = 1.0;
				PRODUCT_BUNDLE_IDENTIFIER = Uikit.Mini02;
				PRODUCT_NAME = "$(TARGET_NAME)";
				SWIFT_EMIT_LOC_STRINGS = YES;
				SWIFT_VERSION = 5.0;
				TARGETED_DEVICE_FAMILY = "1,2";
			};
			name = Release;
		};
		E0BBCFE82ABCB068008D71EE /* Debug */ = {
			isa = XCBuildConfiguration;
			buildSettings = {
				ALWAYS_EMBED_SWIFT_STANDARD_LIBRARIES = YES;
				BUNDLE_LOADER = "$(TEST_HOST)";
				CODE_SIGN_STYLE = Automatic;
				CURRENT_PROJECT_VERSION = 1;
				DEVELOPMENT_TEAM = SRXHT55569;
				GENERATE_INFOPLIST_FILE = YES;
				IPHONEOS_DEPLOYMENT_TARGET = 17.0;
				MARKETING_VERSION = 1.0;
				PRODUCT_BUNDLE_IDENTIFIER = Uikit.Mini02Tests;
				PRODUCT_NAME = "$(TARGET_NAME)";
				SWIFT_EMIT_LOC_STRINGS = NO;
				SWIFT_VERSION = 5.0;
				TARGETED_DEVICE_FAMILY = "1,2";
				TEST_HOST = "$(BUILT_PRODUCTS_DIR)/Mini02.app/$(BUNDLE_EXECUTABLE_FOLDER_PATH)/Mini02";
			};
			name = Debug;
		};
		E0BBCFE92ABCB068008D71EE /* Release */ = {
			isa = XCBuildConfiguration;
			buildSettings = {
				ALWAYS_EMBED_SWIFT_STANDARD_LIBRARIES = YES;
				BUNDLE_LOADER = "$(TEST_HOST)";
				CODE_SIGN_STYLE = Automatic;
				CURRENT_PROJECT_VERSION = 1;
				DEVELOPMENT_TEAM = SRXHT55569;
				GENERATE_INFOPLIST_FILE = YES;
				IPHONEOS_DEPLOYMENT_TARGET = 17.0;
				MARKETING_VERSION = 1.0;
				PRODUCT_BUNDLE_IDENTIFIER = Uikit.Mini02Tests;
				PRODUCT_NAME = "$(TARGET_NAME)";
				SWIFT_EMIT_LOC_STRINGS = NO;
				SWIFT_VERSION = 5.0;
				TARGETED_DEVICE_FAMILY = "1,2";
				TEST_HOST = "$(BUILT_PRODUCTS_DIR)/Mini02.app/$(BUNDLE_EXECUTABLE_FOLDER_PATH)/Mini02";
			};
			name = Release;
		};
		E0BBCFEB2ABCB068008D71EE /* Debug */ = {
			isa = XCBuildConfiguration;
			buildSettings = {
				ALWAYS_EMBED_SWIFT_STANDARD_LIBRARIES = YES;
				CODE_SIGN_STYLE = Automatic;
				CURRENT_PROJECT_VERSION = 1;
				DEVELOPMENT_TEAM = SRXHT55569;
				GENERATE_INFOPLIST_FILE = YES;
				MARKETING_VERSION = 1.0;
				PRODUCT_BUNDLE_IDENTIFIER = Uikit.Mini02UITests;
				PRODUCT_NAME = "$(TARGET_NAME)";
				SWIFT_EMIT_LOC_STRINGS = NO;
				SWIFT_VERSION = 5.0;
				TARGETED_DEVICE_FAMILY = "1,2";
				TEST_TARGET_NAME = Mini02;
			};
			name = Debug;
		};
		E0BBCFEC2ABCB068008D71EE /* Release */ = {
			isa = XCBuildConfiguration;
			buildSettings = {
				ALWAYS_EMBED_SWIFT_STANDARD_LIBRARIES = YES;
				CODE_SIGN_STYLE = Automatic;
				CURRENT_PROJECT_VERSION = 1;
				DEVELOPMENT_TEAM = SRXHT55569;
				GENERATE_INFOPLIST_FILE = YES;
				MARKETING_VERSION = 1.0;
				PRODUCT_BUNDLE_IDENTIFIER = Uikit.Mini02UITests;
				PRODUCT_NAME = "$(TARGET_NAME)";
				SWIFT_EMIT_LOC_STRINGS = NO;
				SWIFT_VERSION = 5.0;
				TARGETED_DEVICE_FAMILY = "1,2";
				TEST_TARGET_NAME = Mini02;
			};
			name = Release;
		};
/* End XCBuildConfiguration section */

/* Begin XCConfigurationList section */
		E0BBCFB52ABCB067008D71EE /* Build configuration list for PBXProject "Mini02" */ = {
			isa = XCConfigurationList;
			buildConfigurations = (
				E0BBCFE22ABCB068008D71EE /* Debug */,
				E0BBCFE32ABCB068008D71EE /* Release */,
			);
			defaultConfigurationIsVisible = 0;
			defaultConfigurationName = Release;
		};
		E0BBCFE42ABCB068008D71EE /* Build configuration list for PBXNativeTarget "Mini02" */ = {
			isa = XCConfigurationList;
			buildConfigurations = (
				E0BBCFE52ABCB068008D71EE /* Debug */,
				E0BBCFE62ABCB068008D71EE /* Release */,
			);
			defaultConfigurationIsVisible = 0;
			defaultConfigurationName = Release;
		};
		E0BBCFE72ABCB068008D71EE /* Build configuration list for PBXNativeTarget "Mini02Tests" */ = {
			isa = XCConfigurationList;
			buildConfigurations = (
				E0BBCFE82ABCB068008D71EE /* Debug */,
				E0BBCFE92ABCB068008D71EE /* Release */,
			);
			defaultConfigurationIsVisible = 0;
			defaultConfigurationName = Release;
		};
		E0BBCFEA2ABCB068008D71EE /* Build configuration list for PBXNativeTarget "Mini02UITests" */ = {
			isa = XCConfigurationList;
			buildConfigurations = (
				E0BBCFEB2ABCB068008D71EE /* Debug */,
				E0BBCFEC2ABCB068008D71EE /* Release */,
			);
			defaultConfigurationIsVisible = 0;
			defaultConfigurationName = Release;
		};
/* End XCConfigurationList section */

/* Begin XCVersionGroup section */
		984AEF802ABCCC14003A838D /* DataModel.xcdatamodeld */ = {
			isa = XCVersionGroup;
			children = (
				984AEF812ABCCC14003A838D /* DataModel.xcdatamodel */,
			);
			currentVersion = 984AEF812ABCCC14003A838D /* DataModel.xcdatamodel */;
			path = DataModel.xcdatamodeld;
			sourceTree = "<group>";
			versionGroupType = wrapper.xcdatamodel;
		};
/* End XCVersionGroup section */
	};
	rootObject = E0BBCFB22ABCB067008D71EE /* Project object */;
}
